// !$*UTF8*$!
{
	archiveVersion = 1;
	classes = {
	};
	objectVersion = 46;
	objects = {

/* Begin PBXBuildFile section */
		835DD0CC1DB31703002CFF8E /* GameModelLogicTests.swift in Sources */ = {isa = PBXBuildFile; fileRef = 835DD0CB1DB31703002CFF8E /* GameModelLogicTests.swift */; };
		8371375B1DD89843003AD379 /* BlockViewModel.swift in Sources */ = {isa = PBXBuildFile; fileRef = 837137591DD89843003AD379 /* BlockViewModel.swift */; };
		8371375C1DD89843003AD379 /* CodedBlockView.swift in Sources */ = {isa = PBXBuildFile; fileRef = 8371375A1DD89843003AD379 /* CodedBlockView.swift */; };
		8371376E1DD89CED003AD379 /* BlockModel.swift in Sources */ = {isa = PBXBuildFile; fileRef = 8371376C1DD89CED003AD379 /* BlockModel.swift */; };
		8371376F1DD89CED003AD379 /* BlockModelLogic.swift in Sources */ = {isa = PBXBuildFile; fileRef = 8371376D1DD89CED003AD379 /* BlockModelLogic.swift */; };
		837137751DD8A1F5003AD379 /* Coordinate.swift in Sources */ = {isa = PBXBuildFile; fileRef = 837137701DD8A1F5003AD379 /* Coordinate.swift */; };
		837137761DD8A1F5003AD379 /* GridModel.swift in Sources */ = {isa = PBXBuildFile; fileRef = 837137711DD8A1F5003AD379 /* GridModel.swift */; };
		837137771DD8A1F5003AD379 /* GridModelInitialization.swift in Sources */ = {isa = PBXBuildFile; fileRef = 837137721DD8A1F5003AD379 /* GridModelInitialization.swift */; };
		837137781DD8A1F5003AD379 /* GridModelLogic.swift in Sources */ = {isa = PBXBuildFile; fileRef = 837137731DD8A1F5003AD379 /* GridModelLogic.swift */; };
		837137791DD8A1F5003AD379 /* GridModelUtility.swift in Sources */ = {isa = PBXBuildFile; fileRef = 837137741DD8A1F5003AD379 /* GridModelUtility.swift */; };
		8371377B1DD8A52E003AD379 /* GameHistoryModel.swift in Sources */ = {isa = PBXBuildFile; fileRef = 8371377A1DD8A52E003AD379 /* GameHistoryModel.swift */; };
		8371377E1DD8E144003AD379 /* Archiver.swift in Sources */ = {isa = PBXBuildFile; fileRef = 8371377D1DD8E144003AD379 /* Archiver.swift */; };
		83AB62651D97106D00E61AB7 /* AppDelegate.swift in Sources */ = {isa = PBXBuildFile; fileRef = 83AB62641D97106D00E61AB7 /* AppDelegate.swift */; };
		83AB626C1D97106D00E61AB7 /* Assets.xcassets in Resources */ = {isa = PBXBuildFile; fileRef = 83AB626B1D97106D00E61AB7 /* Assets.xcassets */; };
		83AB626F1D97106D00E61AB7 /* LaunchScreen.storyboard in Resources */ = {isa = PBXBuildFile; fileRef = 83AB626D1D97106D00E61AB7 /* LaunchScreen.storyboard */; };
		CB04A41C1DD4C879007BE787 /* Board.swift in Sources */ = {isa = PBXBuildFile; fileRef = CB04A41B1DD4C879007BE787 /* Board.swift */; };
		CB23B34E1DE081C000ACFBC0 /* ArchiveTests.swift in Sources */ = {isa = PBXBuildFile; fileRef = CB23B34D1DE081C000ACFBC0 /* ArchiveTests.swift */; };
		CB4E7E631DC03AFE009D48F1 /* MasterModel.swift in Sources */ = {isa = PBXBuildFile; fileRef = CB4E7E621DC03AFE009D48F1 /* MasterModel.swift */; };
		CB4E7E651DC0D5F9009D48F1 /* Puzzles.swift in Sources */ = {isa = PBXBuildFile; fileRef = CB4E7E641DC0D5F9009D48F1 /* Puzzles.swift */; };
		CB6576521DD5405500D61DED /* ControlBarViewModel.swift in Sources */ = {isa = PBXBuildFile; fileRef = CB6576511DD5405500D61DED /* ControlBarViewModel.swift */; };
		CB6576541DD613CE00D61DED /* XibLoadable.swift in Sources */ = {isa = PBXBuildFile; fileRef = CB6576531DD613CE00D61DED /* XibLoadable.swift */; };
		CB6576561DD6141D00D61DED /* ControlBarView.swift in Sources */ = {isa = PBXBuildFile; fileRef = CB6576551DD6141D00D61DED /* ControlBarView.swift */; };
		CB6CB6781E00BB7C00FCB9B5 /* ReplayBoard.storyboard in Resources */ = {isa = PBXBuildFile; fileRef = CB6CB6771E00BB7C00FCB9B5 /* ReplayBoard.storyboard */; };
		CB6CB67A1E00BB9E00FCB9B5 /* ReplayBoardViewController.swift in Sources */ = {isa = PBXBuildFile; fileRef = CB6CB6791E00BB9E00FCB9B5 /* ReplayBoardViewController.swift */; };
		CB9C60231DEFC7590011F65F /* TimerView.swift in Sources */ = {isa = PBXBuildFile; fileRef = CB9C60221DEFC7590011F65F /* TimerView.swift */; };
		CB9C60261DF067610011F65F /* klotski.txt in Resources */ = {isa = PBXBuildFile; fileRef = CB9C60251DF067610011F65F /* klotski.txt */; };
		CBA63BF91DA9D8F4004C0EE6 /* Constants.swift in Sources */ = {isa = PBXBuildFile; fileRef = CBA63BF81DA9D8F4004C0EE6 /* Constants.swift */; };
		CBA63BFB1DA9E73F004C0EE6 /* ConstantsTests.swift in Sources */ = {isa = PBXBuildFile; fileRef = CBA63BFA1DA9E73F004C0EE6 /* ConstantsTests.swift */; };
		CBAFA38F1DCA447200534AEC /* ControlBarView.xib in Resources */ = {isa = PBXBuildFile; fileRef = CBAFA38E1DCA447200534AEC /* ControlBarView.xib */; };
		CBC5712C1DEB2F0700633ED8 /* GameModel.swift in Sources */ = {isa = PBXBuildFile; fileRef = CBC5712B1DEB2F0700633ED8 /* GameModel.swift */; };
		CBC5712E1DEB2F3A00633ED8 /* GameMoveData.swift in Sources */ = {isa = PBXBuildFile; fileRef = CBC5712D1DEB2F3A00633ED8 /* GameMoveData.swift */; };
		CBC571301DF4BB9D00633ED8 /* TransitionLabel.swift in Sources */ = {isa = PBXBuildFile; fileRef = CBC5712F1DF4BB9D00633ED8 /* TransitionLabel.swift */; };
		CBC571341DFCC0C200633ED8 /* Intro.storyboard in Resources */ = {isa = PBXBuildFile; fileRef = CBC571321DFCC0C200633ED8 /* Intro.storyboard */; };
		CBC571351DFCC0C200633ED8 /* IntroViewController.swift in Sources */ = {isa = PBXBuildFile; fileRef = CBC571331DFCC0C200633ED8 /* IntroViewController.swift */; };
		CBC571391DFCC0CE00633ED8 /* Gameboard.storyboard in Resources */ = {isa = PBXBuildFile; fileRef = CBC571361DFCC0CE00633ED8 /* Gameboard.storyboard */; };
		CBC5713A1DFCC0CE00633ED8 /* GameboardViewController.swift in Sources */ = {isa = PBXBuildFile; fileRef = CBC571371DFCC0CE00633ED8 /* GameboardViewController.swift */; };
		CBC5713B1DFCC0CE00633ED8 /* GameboardViewModel.swift in Sources */ = {isa = PBXBuildFile; fileRef = CBC571381DFCC0CE00633ED8 /* GameboardViewModel.swift */; };
		CBC571401DFCC0DB00633ED8 /* PuzzleList.storyboard in Resources */ = {isa = PBXBuildFile; fileRef = CBC5713C1DFCC0DB00633ED8 /* PuzzleList.storyboard */; };
		CBC571411DFCC0DB00633ED8 /* PuzzleListCell.swift in Sources */ = {isa = PBXBuildFile; fileRef = CBC5713D1DFCC0DB00633ED8 /* PuzzleListCell.swift */; };
		CBC571421DFCC0DB00633ED8 /* PuzzleListDataProvider.swift in Sources */ = {isa = PBXBuildFile; fileRef = CBC5713E1DFCC0DB00633ED8 /* PuzzleListDataProvider.swift */; };
		CBC571431DFCC0DB00633ED8 /* PuzzleListViewController.swift in Sources */ = {isa = PBXBuildFile; fileRef = CBC5713F1DFCC0DB00633ED8 /* PuzzleListViewController.swift */; };
		CBC571471DFCC24900633ED8 /* HistoryListViewController.swift in Sources */ = {isa = PBXBuildFile; fileRef = CBC571461DFCC24900633ED8 /* HistoryListViewController.swift */; };
		CBC571491DFCC2A300633ED8 /* HistoryList.storyboard in Resources */ = {isa = PBXBuildFile; fileRef = CBC571481DFCC2A300633ED8 /* HistoryList.storyboard */; };
		CBC5714B1E00226F00633ED8 /* HistoryListCell.swift in Sources */ = {isa = PBXBuildFile; fileRef = CBC5714A1E00226F00633ED8 /* HistoryListCell.swift */; };
		CBC922941DB0304F00132C91 /* GameModelTests.swift in Sources */ = {isa = PBXBuildFile; fileRef = CBC922931DB0304F00132C91 /* GameModelTests.swift */; };
		CBC922961DB03FCE00132C91 /* BlockModelTests.swift in Sources */ = {isa = PBXBuildFile; fileRef = CBC922951DB03FCE00132C91 /* BlockModelTests.swift */; };
		CBC9229C1DB1422600132C91 /* BlockModelLogicTests.swift in Sources */ = {isa = PBXBuildFile; fileRef = CBC9229B1DB1422600132C91 /* BlockModelLogicTests.swift */; };
/* End PBXBuildFile section */

/* Begin PBXContainerItemProxy section */
		834CDDB51D9B6A66002CB6DD /* PBXContainerItemProxy */ = {
			isa = PBXContainerItemProxy;
			containerPortal = 83AB62591D97106A00E61AB7 /* Project object */;
			proxyType = 1;
			remoteGlobalIDString = 83AB62601D97106A00E61AB7;
			remoteInfo = Slider;
		};
/* End PBXContainerItemProxy section */

/* Begin PBXFileReference section */
		834CDDB01D9B6A63002CB6DD /* SliderTests.xctest */ = {isa = PBXFileReference; explicitFileType = wrapper.cfbundle; includeInIndex = 0; path = SliderTests.xctest; sourceTree = BUILT_PRODUCTS_DIR; };
		834CDDB41D9B6A66002CB6DD /* Info.plist */ = {isa = PBXFileReference; lastKnownFileType = text.plist.xml; path = Info.plist; sourceTree = "<group>"; };
		835DD0CB1DB31703002CFF8E /* GameModelLogicTests.swift */ = {isa = PBXFileReference; fileEncoding = 4; lastKnownFileType = sourcecode.swift; path = GameModelLogicTests.swift; sourceTree = "<group>"; };
		837137591DD89843003AD379 /* BlockViewModel.swift */ = {isa = PBXFileReference; fileEncoding = 4; lastKnownFileType = sourcecode.swift; name = BlockViewModel.swift; path = Views/Block/BlockViewModel.swift; sourceTree = "<group>"; };
		8371375A1DD89843003AD379 /* CodedBlockView.swift */ = {isa = PBXFileReference; fileEncoding = 4; lastKnownFileType = sourcecode.swift; name = CodedBlockView.swift; path = Views/Block/CodedBlockView.swift; sourceTree = "<group>"; };
		8371376C1DD89CED003AD379 /* BlockModel.swift */ = {isa = PBXFileReference; fileEncoding = 4; lastKnownFileType = sourcecode.swift; name = BlockModel.swift; path = Models/Block/BlockModel.swift; sourceTree = "<group>"; };
		8371376D1DD89CED003AD379 /* BlockModelLogic.swift */ = {isa = PBXFileReference; fileEncoding = 4; lastKnownFileType = sourcecode.swift; name = BlockModelLogic.swift; path = Models/Block/BlockModelLogic.swift; sourceTree = "<group>"; };
		837137701DD8A1F5003AD379 /* Coordinate.swift */ = {isa = PBXFileReference; fileEncoding = 4; lastKnownFileType = sourcecode.swift; name = Coordinate.swift; path = Models/Grid/Coordinate.swift; sourceTree = "<group>"; };
		837137711DD8A1F5003AD379 /* GridModel.swift */ = {isa = PBXFileReference; fileEncoding = 4; lastKnownFileType = sourcecode.swift; name = GridModel.swift; path = Models/Grid/GridModel.swift; sourceTree = "<group>"; };
		837137721DD8A1F5003AD379 /* GridModelInitialization.swift */ = {isa = PBXFileReference; fileEncoding = 4; lastKnownFileType = sourcecode.swift; name = GridModelInitialization.swift; path = Models/Grid/GridModelInitialization.swift; sourceTree = "<group>"; };
		837137731DD8A1F5003AD379 /* GridModelLogic.swift */ = {isa = PBXFileReference; fileEncoding = 4; lastKnownFileType = sourcecode.swift; name = GridModelLogic.swift; path = Models/Grid/GridModelLogic.swift; sourceTree = "<group>"; };
		837137741DD8A1F5003AD379 /* GridModelUtility.swift */ = {isa = PBXFileReference; fileEncoding = 4; lastKnownFileType = sourcecode.swift; name = GridModelUtility.swift; path = Models/Grid/GridModelUtility.swift; sourceTree = "<group>"; };
		8371377A1DD8A52E003AD379 /* GameHistoryModel.swift */ = {isa = PBXFileReference; fileEncoding = 4; lastKnownFileType = sourcecode.swift; name = GameHistoryModel.swift; path = Models/GameHistoryModel.swift; sourceTree = "<group>"; };
		8371377D1DD8E144003AD379 /* Archiver.swift */ = {isa = PBXFileReference; fileEncoding = 4; lastKnownFileType = sourcecode.swift; name = Archiver.swift; path = Store/Archiver.swift; sourceTree = "<group>"; };
		83AB62611D97106D00E61AB7 /* Slider.app */ = {isa = PBXFileReference; explicitFileType = wrapper.application; includeInIndex = 0; path = Slider.app; sourceTree = BUILT_PRODUCTS_DIR; };
		83AB62641D97106D00E61AB7 /* AppDelegate.swift */ = {isa = PBXFileReference; lastKnownFileType = sourcecode.swift; path = AppDelegate.swift; sourceTree = "<group>"; };
		83AB626B1D97106D00E61AB7 /* Assets.xcassets */ = {isa = PBXFileReference; lastKnownFileType = folder.assetcatalog; path = Assets.xcassets; sourceTree = "<group>"; };
		83AB626E1D97106D00E61AB7 /* Base */ = {isa = PBXFileReference; lastKnownFileType = file.storyboard; name = Base; path = Base.lproj/LaunchScreen.storyboard; sourceTree = "<group>"; };
		83AB62701D97106D00E61AB7 /* Info.plist */ = {isa = PBXFileReference; lastKnownFileType = text.plist.xml; path = Info.plist; sourceTree = "<group>"; };
		CB04A41B1DD4C879007BE787 /* Board.swift */ = {isa = PBXFileReference; fileEncoding = 4; lastKnownFileType = sourcecode.swift; name = Board.swift; path = Models/enums/Board.swift; sourceTree = "<group>"; };
		CB23B34D1DE081C000ACFBC0 /* ArchiveTests.swift */ = {isa = PBXFileReference; fileEncoding = 4; lastKnownFileType = sourcecode.swift; path = ArchiveTests.swift; sourceTree = "<group>"; };
		CB4E7E621DC03AFE009D48F1 /* MasterModel.swift */ = {isa = PBXFileReference; fileEncoding = 4; lastKnownFileType = sourcecode.swift; name = MasterModel.swift; path = Models/MasterModel.swift; sourceTree = "<group>"; };
		CB4E7E641DC0D5F9009D48F1 /* Puzzles.swift */ = {isa = PBXFileReference; fileEncoding = 4; lastKnownFileType = sourcecode.swift; name = Puzzles.swift; path = Models/Puzzles.swift; sourceTree = "<group>"; };
		CB6576511DD5405500D61DED /* ControlBarViewModel.swift */ = {isa = PBXFileReference; fileEncoding = 4; lastKnownFileType = sourcecode.swift; name = ControlBarViewModel.swift; path = Views/ControlBar/ControlBarViewModel.swift; sourceTree = "<group>"; };
		CB6576531DD613CE00D61DED /* XibLoadable.swift */ = {isa = PBXFileReference; fileEncoding = 4; lastKnownFileType = sourcecode.swift; name = XibLoadable.swift; path = Views/XibLoadable.swift; sourceTree = "<group>"; };
		CB6576551DD6141D00D61DED /* ControlBarView.swift */ = {isa = PBXFileReference; fileEncoding = 4; lastKnownFileType = sourcecode.swift; name = ControlBarView.swift; path = Views/ControlBar/ControlBarView.swift; sourceTree = "<group>"; };
		CB6CB6771E00BB7C00FCB9B5 /* ReplayBoard.storyboard */ = {isa = PBXFileReference; fileEncoding = 4; lastKnownFileType = file.storyboard; name = ReplayBoard.storyboard; path = ViewControllers/ReplayBoard/ReplayBoard.storyboard; sourceTree = "<group>"; };
		CB6CB6791E00BB9E00FCB9B5 /* ReplayBoardViewController.swift */ = {isa = PBXFileReference; fileEncoding = 4; lastKnownFileType = sourcecode.swift; name = ReplayBoardViewController.swift; path = ViewControllers/ReplayBoard/ReplayBoardViewController.swift; sourceTree = "<group>"; };
		CB9C60221DEFC7590011F65F /* TimerView.swift */ = {isa = PBXFileReference; fileEncoding = 4; lastKnownFileType = sourcecode.swift; name = TimerView.swift; path = Views/ControlBar/TimerView.swift; sourceTree = "<group>"; };
		CB9C60251DF067610011F65F /* klotski.txt */ = {isa = PBXFileReference; fileEncoding = 4; lastKnownFileType = text; name = klotski.txt; path = Resources/klotski.txt; sourceTree = "<group>"; };
		CBA63BF81DA9D8F4004C0EE6 /* Constants.swift */ = {isa = PBXFileReference; fileEncoding = 4; lastKnownFileType = sourcecode.swift; name = Constants.swift; path = Utilities/Constants.swift; sourceTree = "<group>"; };
		CBA63BFA1DA9E73F004C0EE6 /* ConstantsTests.swift */ = {isa = PBXFileReference; fileEncoding = 4; lastKnownFileType = sourcecode.swift; path = ConstantsTests.swift; sourceTree = "<group>"; };
		CBAFA38E1DCA447200534AEC /* ControlBarView.xib */ = {isa = PBXFileReference; fileEncoding = 4; lastKnownFileType = file.xib; name = ControlBarView.xib; path = Views/ControlBar/ControlBarView.xib; sourceTree = "<group>"; };
		CBC5712B1DEB2F0700633ED8 /* GameModel.swift */ = {isa = PBXFileReference; fileEncoding = 4; lastKnownFileType = sourcecode.swift; name = GameModel.swift; path = Models/Game/GameModel.swift; sourceTree = "<group>"; };
		CBC5712D1DEB2F3A00633ED8 /* GameMoveData.swift */ = {isa = PBXFileReference; fileEncoding = 4; lastKnownFileType = sourcecode.swift; name = GameMoveData.swift; path = Models/Game/GameMoveData.swift; sourceTree = "<group>"; };
		CBC5712F1DF4BB9D00633ED8 /* TransitionLabel.swift */ = {isa = PBXFileReference; fileEncoding = 4; lastKnownFileType = sourcecode.swift; name = TransitionLabel.swift; path = Views/TransitionLabel.swift; sourceTree = "<group>"; };
		CBC571321DFCC0C200633ED8 /* Intro.storyboard */ = {isa = PBXFileReference; fileEncoding = 4; lastKnownFileType = file.storyboard; name = Intro.storyboard; path = ViewControllers/Intro/Intro.storyboard; sourceTree = "<group>"; };
		CBC571331DFCC0C200633ED8 /* IntroViewController.swift */ = {isa = PBXFileReference; fileEncoding = 4; lastKnownFileType = sourcecode.swift; name = IntroViewController.swift; path = ViewControllers/Intro/IntroViewController.swift; sourceTree = "<group>"; };
		CBC571361DFCC0CE00633ED8 /* Gameboard.storyboard */ = {isa = PBXFileReference; fileEncoding = 4; lastKnownFileType = file.storyboard; name = Gameboard.storyboard; path = ViewControllers/GameBoard/Gameboard.storyboard; sourceTree = "<group>"; };
		CBC571371DFCC0CE00633ED8 /* GameboardViewController.swift */ = {isa = PBXFileReference; fileEncoding = 4; lastKnownFileType = sourcecode.swift; name = GameboardViewController.swift; path = ViewControllers/GameBoard/GameboardViewController.swift; sourceTree = "<group>"; };
		CBC571381DFCC0CE00633ED8 /* GameboardViewModel.swift */ = {isa = PBXFileReference; fileEncoding = 4; lastKnownFileType = sourcecode.swift; name = GameboardViewModel.swift; path = ViewControllers/GameBoard/GameboardViewModel.swift; sourceTree = "<group>"; };
		CBC5713C1DFCC0DB00633ED8 /* PuzzleList.storyboard */ = {isa = PBXFileReference; fileEncoding = 4; lastKnownFileType = file.storyboard; name = PuzzleList.storyboard; path = ViewControllers/PuzzleList/PuzzleList.storyboard; sourceTree = "<group>"; };
		CBC5713D1DFCC0DB00633ED8 /* PuzzleListCell.swift */ = {isa = PBXFileReference; fileEncoding = 4; lastKnownFileType = sourcecode.swift; name = PuzzleListCell.swift; path = ViewControllers/PuzzleList/PuzzleListCell.swift; sourceTree = "<group>"; };
		CBC5713E1DFCC0DB00633ED8 /* PuzzleListDataProvider.swift */ = {isa = PBXFileReference; fileEncoding = 4; lastKnownFileType = sourcecode.swift; name = PuzzleListDataProvider.swift; path = ViewControllers/PuzzleList/PuzzleListDataProvider.swift; sourceTree = "<group>"; };
		CBC5713F1DFCC0DB00633ED8 /* PuzzleListViewController.swift */ = {isa = PBXFileReference; fileEncoding = 4; lastKnownFileType = sourcecode.swift; name = PuzzleListViewController.swift; path = ViewControllers/PuzzleList/PuzzleListViewController.swift; sourceTree = "<group>"; };
		CBC571461DFCC24900633ED8 /* HistoryListViewController.swift */ = {isa = PBXFileReference; fileEncoding = 4; lastKnownFileType = sourcecode.swift; name = HistoryListViewController.swift; path = ViewControllers/HistoryList/HistoryListViewController.swift; sourceTree = "<group>"; };
		CBC571481DFCC2A300633ED8 /* HistoryList.storyboard */ = {isa = PBXFileReference; fileEncoding = 4; lastKnownFileType = file.storyboard; name = HistoryList.storyboard; path = ViewControllers/HistoryList/HistoryList.storyboard; sourceTree = "<group>"; };
		CBC5714A1E00226F00633ED8 /* HistoryListCell.swift */ = {isa = PBXFileReference; fileEncoding = 4; lastKnownFileType = sourcecode.swift; name = HistoryListCell.swift; path = ViewControllers/HistoryList/HistoryListCell.swift; sourceTree = "<group>"; };
		CBC922931DB0304F00132C91 /* GameModelTests.swift */ = {isa = PBXFileReference; fileEncoding = 4; lastKnownFileType = sourcecode.swift; path = GameModelTests.swift; sourceTree = "<group>"; };
		CBC922951DB03FCE00132C91 /* BlockModelTests.swift */ = {isa = PBXFileReference; fileEncoding = 4; lastKnownFileType = sourcecode.swift; path = BlockModelTests.swift; sourceTree = "<group>"; };
		CBC9229B1DB1422600132C91 /* BlockModelLogicTests.swift */ = {isa = PBXFileReference; fileEncoding = 4; lastKnownFileType = sourcecode.swift; path = BlockModelLogicTests.swift; sourceTree = "<group>"; };
/* End PBXFileReference section */

/* Begin PBXFrameworksBuildPhase section */
		834CDDAD1D9B6A62002CB6DD /* Frameworks */ = {
			isa = PBXFrameworksBuildPhase;
			buildActionMask = 2147483647;
			files = (
			);
			runOnlyForDeploymentPostprocessing = 0;
		};
		83AB625E1D97106A00E61AB7 /* Frameworks */ = {
			isa = PBXFrameworksBuildPhase;
			buildActionMask = 2147483647;
			files = (
			);
			runOnlyForDeploymentPostprocessing = 0;
		};
/* End PBXFrameworksBuildPhase section */

/* Begin PBXGroup section */
		834CDD921D9B5A1A002CB6DD /* Block */ = {
			isa = PBXGroup;
			children = (
				837137591DD89843003AD379 /* BlockViewModel.swift */,
				8371375A1DD89843003AD379 /* CodedBlockView.swift */,
			);
			name = Block;
			sourceTree = "<group>";
		};
		834CDD941D9B5A3B002CB6DD /* Intro */ = {
			isa = PBXGroup;
			children = (
				CBC571321DFCC0C200633ED8 /* Intro.storyboard */,
				CBC571331DFCC0C200633ED8 /* IntroViewController.swift */,
			);
			name = Intro;
			sourceTree = "<group>";
		};
		834CDDB11D9B6A64002CB6DD /* SliderTests */ = {
			isa = PBXGroup;
			children = (
				CB23B34D1DE081C000ACFBC0 /* ArchiveTests.swift */,
				CBC922931DB0304F00132C91 /* GameModelTests.swift */,
				835DD0CB1DB31703002CFF8E /* GameModelLogicTests.swift */,
				CBC922951DB03FCE00132C91 /* BlockModelTests.swift */,
				CBC9229B1DB1422600132C91 /* BlockModelLogicTests.swift */,
				CBA63BFA1DA9E73F004C0EE6 /* ConstantsTests.swift */,
				834CDDB41D9B6A66002CB6DD /* Info.plist */,
			);
			path = SliderTests;
			sourceTree = "<group>";
		};
		8371374D1DD7E6E7003AD379 /* GameBoard */ = {
			isa = PBXGroup;
			children = (
				CBC571361DFCC0CE00633ED8 /* Gameboard.storyboard */,
				CBC571371DFCC0CE00633ED8 /* GameboardViewController.swift */,
				CBC571381DFCC0CE00633ED8 /* GameboardViewModel.swift */,
			);
			name = GameBoard;
			sourceTree = "<group>";
		};
		837137541DD897A2003AD379 /* Block */ = {
			isa = PBXGroup;
			children = (
				8371376C1DD89CED003AD379 /* BlockModel.swift */,
				8371376D1DD89CED003AD379 /* BlockModelLogic.swift */,
			);
			name = Block;
			sourceTree = "<group>";
		};
		837137611DD89A21003AD379 /* ViewControllers */ = {
			isa = PBXGroup;
			children = (
				834CDD941D9B5A3B002CB6DD /* Intro */,
				8371374D1DD7E6E7003AD379 /* GameBoard */,
				CB5FA3491DC16439003B19E0 /* PuzzleList */,
				CBC571311DFCBFF200633ED8 /* HistoryList */,
				CB6CB6761E00BAE600FCB9B5 /* ReplayBoard */,
			);
			name = ViewControllers;
			sourceTree = "<group>";
		};
		8371377C1DD8E11A003AD379 /* Store */ = {
			isa = PBXGroup;
			children = (
				8371377D1DD8E144003AD379 /* Archiver.swift */,
			);
			name = Store;
			sourceTree = "<group>";
		};
		83AB62581D97106A00E61AB7 = {
			isa = PBXGroup;
			children = (
				83AB62631D97106D00E61AB7 /* Slider */,
				834CDDB11D9B6A64002CB6DD /* SliderTests */,
				83AB62621D97106D00E61AB7 /* Products */,
			);
			sourceTree = "<group>";
		};
		83AB62621D97106D00E61AB7 /* Products */ = {
			isa = PBXGroup;
			children = (
				83AB62611D97106D00E61AB7 /* Slider.app */,
				834CDDB01D9B6A63002CB6DD /* SliderTests.xctest */,
			);
			name = Products;
			sourceTree = "<group>";
		};
		83AB62631D97106D00E61AB7 /* Slider */ = {
			isa = PBXGroup;
			children = (
				8371377C1DD8E11A003AD379 /* Store */,
				CB5870901DAEE53A00D1EEE9 /* Models */,
				837137611DD89A21003AD379 /* ViewControllers */,
				83BE867D1DB267EA00D51EA1 /* Views */,
				CBA63BF71DA9D7ED004C0EE6 /* Utilities */,
				CB9C60241DF067510011F65F /* Resources */,
				83AB62641D97106D00E61AB7 /* AppDelegate.swift */,
				83AB626B1D97106D00E61AB7 /* Assets.xcassets */,
				83AB62701D97106D00E61AB7 /* Info.plist */,
				83AB626D1D97106D00E61AB7 /* LaunchScreen.storyboard */,
			);
			path = Slider;
			sourceTree = "<group>";
		};
		83BE867D1DB267EA00D51EA1 /* Views */ = {
			isa = PBXGroup;
			children = (
				CB6576531DD613CE00D61DED /* XibLoadable.swift */,
				CBC5712F1DF4BB9D00633ED8 /* TransitionLabel.swift */,
				834CDD921D9B5A1A002CB6DD /* Block */,
				CBAFA38D1DCA43B000534AEC /* ControlBar */,
			);
			name = Views;
			sourceTree = "<group>";
		};
		CB04A41A1DD4C7E0007BE787 /* enums */ = {
			isa = PBXGroup;
			children = (
				CB04A41B1DD4C879007BE787 /* Board.swift */,
			);
			name = enums;
			sourceTree = "<group>";
		};
		CB04A41D1DD4C990007BE787 /* Grid */ = {
			isa = PBXGroup;
			children = (
				837137701DD8A1F5003AD379 /* Coordinate.swift */,
				837137711DD8A1F5003AD379 /* GridModel.swift */,
				837137721DD8A1F5003AD379 /* GridModelInitialization.swift */,
				837137731DD8A1F5003AD379 /* GridModelLogic.swift */,
				837137741DD8A1F5003AD379 /* GridModelUtility.swift */,
			);
			name = Grid;
			sourceTree = "<group>";
		};
		CB5870901DAEE53A00D1EEE9 /* Models */ = {
			isa = PBXGroup;
			children = (
				CB04A41A1DD4C7E0007BE787 /* enums */,
				CB4E7E621DC03AFE009D48F1 /* MasterModel.swift */,
				8371377A1DD8A52E003AD379 /* GameHistoryModel.swift */,
				CB4E7E641DC0D5F9009D48F1 /* Puzzles.swift */,
				837137541DD897A2003AD379 /* Block */,
				CB04A41D1DD4C990007BE787 /* Grid */,
				CBC5712A1DEB2E9600633ED8 /* Game */,
			);
			name = Models;
			sourceTree = "<group>";
		};
		CB5FA3491DC16439003B19E0 /* PuzzleList */ = {
			isa = PBXGroup;
			children = (
				CBC5713C1DFCC0DB00633ED8 /* PuzzleList.storyboard */,
				CBC5713F1DFCC0DB00633ED8 /* PuzzleListViewController.swift */,
				CBC5713E1DFCC0DB00633ED8 /* PuzzleListDataProvider.swift */,
				CBC5713D1DFCC0DB00633ED8 /* PuzzleListCell.swift */,
			);
			name = PuzzleList;
			sourceTree = "<group>";
		};
		CB6CB6761E00BAE600FCB9B5 /* ReplayBoard */ = {
			isa = PBXGroup;
			children = (
				CB6CB6771E00BB7C00FCB9B5 /* ReplayBoard.storyboard */,
				CB6CB6791E00BB9E00FCB9B5 /* ReplayBoardViewController.swift */,
			);
			name = ReplayBoard;
			sourceTree = "<group>";
		};
		CB9C60241DF067510011F65F /* Resources */ = {
			isa = PBXGroup;
			children = (
				CB9C60251DF067610011F65F /* klotski.txt */,
			);
			name = Resources;
			sourceTree = "<group>";
		};
		CBA63BF71DA9D7ED004C0EE6 /* Utilities */ = {
			isa = PBXGroup;
			children = (
				CBA63BF81DA9D8F4004C0EE6 /* Constants.swift */,
			);
			name = Utilities;
			sourceTree = "<group>";
		};
		CBAFA38D1DCA43B000534AEC /* ControlBar */ = {
			isa = PBXGroup;
			children = (
				CBAFA38E1DCA447200534AEC /* ControlBarView.xib */,
				CB6576551DD6141D00D61DED /* ControlBarView.swift */,
				CB6576511DD5405500D61DED /* ControlBarViewModel.swift */,
				CB9C60221DEFC7590011F65F /* TimerView.swift */,
			);
			name = ControlBar;
			sourceTree = "<group>";
		};
		CBC5712A1DEB2E9600633ED8 /* Game */ = {
			isa = PBXGroup;
			children = (
				CBC5712B1DEB2F0700633ED8 /* GameModel.swift */,
				CBC5712D1DEB2F3A00633ED8 /* GameMoveData.swift */,
			);
			name = Game;
			sourceTree = "<group>";
		};
		CBC571311DFCBFF200633ED8 /* HistoryList */ = {
			isa = PBXGroup;
			children = (
				CBC571481DFCC2A300633ED8 /* HistoryList.storyboard */,
				CBC571461DFCC24900633ED8 /* HistoryListViewController.swift */,
				CBC5714A1E00226F00633ED8 /* HistoryListCell.swift */,
			);
			name = HistoryList;
			sourceTree = "<group>";
		};
/* End PBXGroup section */

/* Begin PBXNativeTarget section */
		834CDDAF1D9B6A62002CB6DD /* SliderTests */ = {
			isa = PBXNativeTarget;
			buildConfigurationList = 834CDDB71D9B6A66002CB6DD /* Build configuration list for PBXNativeTarget "SliderTests" */;
			buildPhases = (
				834CDDAC1D9B6A62002CB6DD /* Sources */,
				834CDDAD1D9B6A62002CB6DD /* Frameworks */,
				834CDDAE1D9B6A62002CB6DD /* Resources */,
			);
			buildRules = (
			);
			dependencies = (
				834CDDB61D9B6A66002CB6DD /* PBXTargetDependency */,
			);
			name = SliderTests;
			productName = SliderTests;
			productReference = 834CDDB01D9B6A63002CB6DD /* SliderTests.xctest */;
			productType = "com.apple.product-type.bundle.unit-test";
		};
		83AB62601D97106A00E61AB7 /* Slider */ = {
			isa = PBXNativeTarget;
			buildConfigurationList = 83AB62731D97106D00E61AB7 /* Build configuration list for PBXNativeTarget "Slider" */;
			buildPhases = (
				83AB625D1D97106A00E61AB7 /* Sources */,
				83AB625E1D97106A00E61AB7 /* Frameworks */,
				83AB625F1D97106A00E61AB7 /* Resources */,
				CB04A4191DD3E660007BE787 /* Swift Lint */,
			);
			buildRules = (
			);
			dependencies = (
			);
			name = Slider;
			productName = Slider;
			productReference = 83AB62611D97106D00E61AB7 /* Slider.app */;
			productType = "com.apple.product-type.application";
		};
/* End PBXNativeTarget section */

/* Begin PBXProject section */
		83AB62591D97106A00E61AB7 /* Project object */ = {
			isa = PBXProject;
			attributes = {
				LastSwiftUpdateCheck = 0800;
				LastUpgradeCheck = 0810;
				ORGANIZATIONNAME = "TKO Solutions";
				TargetAttributes = {
					834CDDAF1D9B6A62002CB6DD = {
						CreatedOnToolsVersion = 8.0;
						ProvisioningStyle = Automatic;
						TestTargetID = 83AB62601D97106A00E61AB7;
					};
					83AB62601D97106A00E61AB7 = {
						CreatedOnToolsVersion = 8.0;
						DevelopmentTeam = H4UQYGEL4C;
						ProvisioningStyle = Automatic;
					};
				};
			};
			buildConfigurationList = 83AB625C1D97106A00E61AB7 /* Build configuration list for PBXProject "Slider" */;
			compatibilityVersion = "Xcode 3.2";
			developmentRegion = English;
			hasScannedForEncodings = 0;
			knownRegions = (
				en,
				Base,
			);
			mainGroup = 83AB62581D97106A00E61AB7;
			productRefGroup = 83AB62621D97106D00E61AB7 /* Products */;
			projectDirPath = "";
			projectRoot = "";
			targets = (
				83AB62601D97106A00E61AB7 /* Slider */,
				834CDDAF1D9B6A62002CB6DD /* SliderTests */,
			);
		};
/* End PBXProject section */

/* Begin PBXResourcesBuildPhase section */
		834CDDAE1D9B6A62002CB6DD /* Resources */ = {
			isa = PBXResourcesBuildPhase;
			buildActionMask = 2147483647;
			files = (
			);
			runOnlyForDeploymentPostprocessing = 0;
		};
		83AB625F1D97106A00E61AB7 /* Resources */ = {
			isa = PBXResourcesBuildPhase;
			buildActionMask = 2147483647;
			files = (
				CB9C60261DF067610011F65F /* klotski.txt in Resources */,
				83AB626F1D97106D00E61AB7 /* LaunchScreen.storyboard in Resources */,
				CBAFA38F1DCA447200534AEC /* ControlBarView.xib in Resources */,
				CBC571491DFCC2A300633ED8 /* HistoryList.storyboard in Resources */,
				83AB626C1D97106D00E61AB7 /* Assets.xcassets in Resources */,
				CBC571401DFCC0DB00633ED8 /* PuzzleList.storyboard in Resources */,
				CBC571341DFCC0C200633ED8 /* Intro.storyboard in Resources */,
				CB6CB6781E00BB7C00FCB9B5 /* ReplayBoard.storyboard in Resources */,
				CBC571391DFCC0CE00633ED8 /* Gameboard.storyboard in Resources */,
			);
			runOnlyForDeploymentPostprocessing = 0;
		};
/* End PBXResourcesBuildPhase section */

/* Begin PBXShellScriptBuildPhase section */
		CB04A4191DD3E660007BE787 /* Swift Lint */ = {
			isa = PBXShellScriptBuildPhase;
			buildActionMask = 2147483647;
			files = (
			);
			inputPaths = (
			);
			name = "Swift Lint";
			outputPaths = (
			);
			runOnlyForDeploymentPostprocessing = 0;
			shellPath = /bin/sh;
			shellScript = "if which swiftlint >/dev/null; then\n  swiftlint\nelse\n  echo \"SwiftLint does not exist, download from https://github.com/realm/SwiftLint\"\nfi";
		};
/* End PBXShellScriptBuildPhase section */

/* Begin PBXSourcesBuildPhase section */
		834CDDAC1D9B6A62002CB6DD /* Sources */ = {
			isa = PBXSourcesBuildPhase;
			buildActionMask = 2147483647;
			files = (
				CB23B34E1DE081C000ACFBC0 /* ArchiveTests.swift in Sources */,
				CBC9229C1DB1422600132C91 /* BlockModelLogicTests.swift in Sources */,
				CBC922961DB03FCE00132C91 /* BlockModelTests.swift in Sources */,
				CBC922941DB0304F00132C91 /* GameModelTests.swift in Sources */,
				835DD0CC1DB31703002CFF8E /* GameModelLogicTests.swift in Sources */,
				CBA63BFB1DA9E73F004C0EE6 /* ConstantsTests.swift in Sources */,
			);
			runOnlyForDeploymentPostprocessing = 0;
		};
		83AB625D1D97106A00E61AB7 /* Sources */ = {
			isa = PBXSourcesBuildPhase;
			buildActionMask = 2147483647;
			files = (
				CBC571431DFCC0DB00633ED8 /* PuzzleListViewController.swift in Sources */,
				CB4E7E631DC03AFE009D48F1 /* MasterModel.swift in Sources */,
				CB4E7E651DC0D5F9009D48F1 /* Puzzles.swift in Sources */,
				CBA63BF91DA9D8F4004C0EE6 /* Constants.swift in Sources */,
				CBC571411DFCC0DB00633ED8 /* PuzzleListCell.swift in Sources */,
				CB6576541DD613CE00D61DED /* XibLoadable.swift in Sources */,
				CB6576521DD5405500D61DED /* ControlBarViewModel.swift in Sources */,
				CB6576561DD6141D00D61DED /* ControlBarView.swift in Sources */,
				837137761DD8A1F5003AD379 /* GridModel.swift in Sources */,
				8371376F1DD89CED003AD379 /* BlockModelLogic.swift in Sources */,
				8371377E1DD8E144003AD379 /* Archiver.swift in Sources */,
				CBC571471DFCC24900633ED8 /* HistoryListViewController.swift in Sources */,
				CBC5712C1DEB2F0700633ED8 /* GameModel.swift in Sources */,
				CBC5713A1DFCC0CE00633ED8 /* GameboardViewController.swift in Sources */,
				CB6CB67A1E00BB9E00FCB9B5 /* ReplayBoardViewController.swift in Sources */,
				8371375B1DD89843003AD379 /* BlockViewModel.swift in Sources */,
				CB04A41C1DD4C879007BE787 /* Board.swift in Sources */,
				CBC571421DFCC0DB00633ED8 /* PuzzleListDataProvider.swift in Sources */,
				CB9C60231DEFC7590011F65F /* TimerView.swift in Sources */,
				CBC571301DF4BB9D00633ED8 /* TransitionLabel.swift in Sources */,
				8371375C1DD89843003AD379 /* CodedBlockView.swift in Sources */,
				CBC571351DFCC0C200633ED8 /* IntroViewController.swift in Sources */,
				CBC5714B1E00226F00633ED8 /* HistoryListCell.swift in Sources */,
				8371376E1DD89CED003AD379 /* BlockModel.swift in Sources */,
				8371377B1DD8A52E003AD379 /* GameHistoryModel.swift in Sources */,
				837137781DD8A1F5003AD379 /* GridModelLogic.swift in Sources */,
				83AB62651D97106D00E61AB7 /* AppDelegate.swift in Sources */,
				837137791DD8A1F5003AD379 /* GridModelUtility.swift in Sources */,
				837137751DD8A1F5003AD379 /* Coordinate.swift in Sources */,
				CBC5712E1DEB2F3A00633ED8 /* GameMoveData.swift in Sources */,
				837137771DD8A1F5003AD379 /* GridModelInitialization.swift in Sources */,
				CBC5713B1DFCC0CE00633ED8 /* GameboardViewModel.swift in Sources */,
			);
			runOnlyForDeploymentPostprocessing = 0;
		};
/* End PBXSourcesBuildPhase section */

/* Begin PBXTargetDependency section */
		834CDDB61D9B6A66002CB6DD /* PBXTargetDependency */ = {
			isa = PBXTargetDependency;
			target = 83AB62601D97106A00E61AB7 /* Slider */;
			targetProxy = 834CDDB51D9B6A66002CB6DD /* PBXContainerItemProxy */;
		};
/* End PBXTargetDependency section */

/* Begin PBXVariantGroup section */
		83AB626D1D97106D00E61AB7 /* LaunchScreen.storyboard */ = {
			isa = PBXVariantGroup;
			children = (
				83AB626E1D97106D00E61AB7 /* Base */,
			);
			name = LaunchScreen.storyboard;
			sourceTree = "<group>";
		};
/* End PBXVariantGroup section */

/* Begin XCBuildConfiguration section */
		834CDDB81D9B6A66002CB6DD /* Debug */ = {
			isa = XCBuildConfiguration;
			buildSettings = {
				BUNDLE_LOADER = "$(TEST_HOST)";
				INFOPLIST_FILE = SliderTests/Info.plist;
				LD_RUNPATH_SEARCH_PATHS = "$(inherited) @executable_path/Frameworks @loader_path/Frameworks";
				PRODUCT_BUNDLE_IDENTIFIER = "tko-solutions.SliderTests";
				PRODUCT_NAME = "$(TARGET_NAME)";
				SWIFT_VERSION = 3.0;
				TEST_HOST = "$(BUILT_PRODUCTS_DIR)/Slider.app/Slider";
			};
			name = Debug;
		};
		834CDDB91D9B6A66002CB6DD /* Release */ = {
			isa = XCBuildConfiguration;
			buildSettings = {
				BUNDLE_LOADER = "$(TEST_HOST)";
				INFOPLIST_FILE = SliderTests/Info.plist;
				LD_RUNPATH_SEARCH_PATHS = "$(inherited) @executable_path/Frameworks @loader_path/Frameworks";
				PRODUCT_BUNDLE_IDENTIFIER = "tko-solutions.SliderTests";
				PRODUCT_NAME = "$(TARGET_NAME)";
				SWIFT_VERSION = 3.0;
				TEST_HOST = "$(BUILT_PRODUCTS_DIR)/Slider.app/Slider";
			};
			name = Release;
		};
		83AB62711D97106D00E61AB7 /* Debug */ = {
			isa = XCBuildConfiguration;
			buildSettings = {
				ALWAYS_SEARCH_USER_PATHS = NO;
				CLANG_ANALYZER_NONNULL = YES;
				CLANG_CXX_LANGUAGE_STANDARD = "gnu++0x";
				CLANG_CXX_LIBRARY = "libc++";
				CLANG_ENABLE_MODULES = YES;
				CLANG_ENABLE_OBJC_ARC = YES;
				CLANG_WARN_BOOL_CONVERSION = YES;
				CLANG_WARN_CONSTANT_CONVERSION = YES;
				CLANG_WARN_DIRECT_OBJC_ISA_USAGE = YES_ERROR;
				CLANG_WARN_DOCUMENTATION_COMMENTS = YES;
				CLANG_WARN_EMPTY_BODY = YES;
				CLANG_WARN_ENUM_CONVERSION = YES;
				CLANG_WARN_INFINITE_RECURSION = YES;
				CLANG_WARN_INT_CONVERSION = YES;
				CLANG_WARN_OBJC_ROOT_CLASS = YES_ERROR;
				CLANG_WARN_SUSPICIOUS_MOVE = YES;
				CLANG_WARN_SUSPICIOUS_MOVES = YES;
				CLANG_WARN_UNREACHABLE_CODE = YES;
				CLANG_WARN__DUPLICATE_METHOD_MATCH = YES;
				"CODE_SIGN_IDENTITY[sdk=iphoneos*]" = "iPhone Developer";
				COPY_PHASE_STRIP = NO;
				DEBUG_INFORMATION_FORMAT = dwarf;
				ENABLE_STRICT_OBJC_MSGSEND = YES;
				ENABLE_TESTABILITY = YES;
				GCC_C_LANGUAGE_STANDARD = gnu99;
				GCC_DYNAMIC_NO_PIC = NO;
				GCC_NO_COMMON_BLOCKS = YES;
				GCC_OPTIMIZATION_LEVEL = 0;
				GCC_PREPROCESSOR_DEFINITIONS = (
					"DEBUG=1",
					"$(inherited)",
				);
				GCC_WARN_64_TO_32_BIT_CONVERSION = YES;
				GCC_WARN_ABOUT_RETURN_TYPE = YES_ERROR;
				GCC_WARN_UNDECLARED_SELECTOR = YES;
				GCC_WARN_UNINITIALIZED_AUTOS = YES_AGGRESSIVE;
				GCC_WARN_UNUSED_FUNCTION = YES;
				GCC_WARN_UNUSED_VARIABLE = YES;
				IPHONEOS_DEPLOYMENT_TARGET = 10.0;
				MTL_ENABLE_DEBUG_INFO = YES;
				ONLY_ACTIVE_ARCH = YES;
				SDKROOT = iphoneos;
				SWIFT_ACTIVE_COMPILATION_CONDITIONS = DEBUG;
				SWIFT_OPTIMIZATION_LEVEL = "-Onone";
				TARGETED_DEVICE_FAMILY = "1,2";
			};
			name = Debug;
		};
		83AB62721D97106D00E61AB7 /* Release */ = {
			isa = XCBuildConfiguration;
			buildSettings = {
				ALWAYS_SEARCH_USER_PATHS = NO;
				CLANG_ANALYZER_NONNULL = YES;
				CLANG_CXX_LANGUAGE_STANDARD = "gnu++0x";
				CLANG_CXX_LIBRARY = "libc++";
				CLANG_ENABLE_MODULES = YES;
				CLANG_ENABLE_OBJC_ARC = YES;
				CLANG_WARN_BOOL_CONVERSION = YES;
				CLANG_WARN_CONSTANT_CONVERSION = YES;
				CLANG_WARN_DIRECT_OBJC_ISA_USAGE = YES_ERROR;
				CLANG_WARN_DOCUMENTATION_COMMENTS = YES;
				CLANG_WARN_EMPTY_BODY = YES;
				CLANG_WARN_ENUM_CONVERSION = YES;
				CLANG_WARN_INFINITE_RECURSION = YES;
				CLANG_WARN_INT_CONVERSION = YES;
				CLANG_WARN_OBJC_ROOT_CLASS = YES_ERROR;
				CLANG_WARN_SUSPICIOUS_MOVE = YES;
				CLANG_WARN_SUSPICIOUS_MOVES = YES;
				CLANG_WARN_UNREACHABLE_CODE = YES;
				CLANG_WARN__DUPLICATE_METHOD_MATCH = YES;
				"CODE_SIGN_IDENTITY[sdk=iphoneos*]" = "iPhone Developer";
				COPY_PHASE_STRIP = NO;
				DEBUG_INFORMATION_FORMAT = "dwarf-with-dsym";
				ENABLE_NS_ASSERTIONS = NO;
				ENABLE_STRICT_OBJC_MSGSEND = YES;
				GCC_C_LANGUAGE_STANDARD = gnu99;
				GCC_NO_COMMON_BLOCKS = YES;
				GCC_WARN_64_TO_32_BIT_CONVERSION = YES;
				GCC_WARN_ABOUT_RETURN_TYPE = YES_ERROR;
				GCC_WARN_UNDECLARED_SELECTOR = YES;
				GCC_WARN_UNINITIALIZED_AUTOS = YES_AGGRESSIVE;
				GCC_WARN_UNUSED_FUNCTION = YES;
				GCC_WARN_UNUSED_VARIABLE = YES;
				IPHONEOS_DEPLOYMENT_TARGET = 10.0;
				MTL_ENABLE_DEBUG_INFO = NO;
				SDKROOT = iphoneos;
				SWIFT_OPTIMIZATION_LEVEL = "-Owholemodule";
				TARGETED_DEVICE_FAMILY = "1,2";
				VALIDATE_PRODUCT = YES;
			};
			name = Release;
		};
		83AB62741D97106D00E61AB7 /* Debug */ = {
			isa = XCBuildConfiguration;
			buildSettings = {
				ASSETCATALOG_COMPILER_APPICON_NAME = AppIcon;
				DEVELOPMENT_TEAM = H4UQYGEL4C;
				INFOPLIST_FILE = Slider/Info.plist;
				IPHONEOS_DEPLOYMENT_TARGET = 10.0;
				LD_RUNPATH_SEARCH_PATHS = "$(inherited) @executable_path/Frameworks";
				PRODUCT_BUNDLE_IDENTIFIER = "tko-solutions.Slider";
				PRODUCT_NAME = "$(TARGET_NAME)";
				SWIFT_VERSION = 3.0;
			};
			name = Debug;
		};
		83AB62751D97106D00E61AB7 /* Release */ = {
			isa = XCBuildConfiguration;
			buildSettings = {
				ASSETCATALOG_COMPILER_APPICON_NAME = AppIcon;
				DEVELOPMENT_TEAM = H4UQYGEL4C;
				INFOPLIST_FILE = Slider/Info.plist;
				IPHONEOS_DEPLOYMENT_TARGET = 10.0;
				LD_RUNPATH_SEARCH_PATHS = "$(inherited) @executable_path/Frameworks";
				PRODUCT_BUNDLE_IDENTIFIER = "tko-solutions.Slider";
				PRODUCT_NAME = "$(TARGET_NAME)";
				SWIFT_VERSION = 3.0;
			};
			name = Release;
		};
/* End XCBuildConfiguration section */

/* Begin XCConfigurationList section */
		834CDDB71D9B6A66002CB6DD /* Build configuration list for PBXNativeTarget "SliderTests" */ = {
			isa = XCConfigurationList;
			buildConfigurations = (
				834CDDB81D9B6A66002CB6DD /* Debug */,
				834CDDB91D9B6A66002CB6DD /* Release */,
			);
			defaultConfigurationIsVisible = 0;
			defaultConfigurationName = Release;
		};
		83AB625C1D97106A00E61AB7 /* Build configuration list for PBXProject "Slider" */ = {
			isa = XCConfigurationList;
			buildConfigurations = (
				83AB62711D97106D00E61AB7 /* Debug */,
				83AB62721D97106D00E61AB7 /* Release */,
			);
			defaultConfigurationIsVisible = 0;
			defaultConfigurationName = Release;
		};
		83AB62731D97106D00E61AB7 /* Build configuration list for PBXNativeTarget "Slider" */ = {
			isa = XCConfigurationList;
			buildConfigurations = (
				83AB62741D97106D00E61AB7 /* Debug */,
				83AB62751D97106D00E61AB7 /* Release */,
			);
			defaultConfigurationIsVisible = 0;
			defaultConfigurationName = Release;
		};
/* End XCConfigurationList section */
	};
	rootObject = 83AB62591D97106A00E61AB7 /* Project object */;
}
