// !$*UTF8*$!
{
	archiveVersion = 1;
	classes = {
	};
	objectVersion = 46;
	objects = {

/* Begin PBXBuildFile section */
		14A719E0799017184F795BDC /* Pods_Slider.framework in Frameworks */ = {isa = PBXBuildFile; fileRef = 37EBB68CCC3F36F5BC342702 /* Pods_Slider.framework */; };
		835DD0CC1DB31703002CFF8E /* GameModelLogicTests.swift in Sources */ = {isa = PBXBuildFile; fileRef = 835DD0CB1DB31703002CFF8E /* GameModelLogicTests.swift */; };
		8371376E1DD89CED003AD379 /* BlockModel.swift in Sources */ = {isa = PBXBuildFile; fileRef = 8371376C1DD89CED003AD379 /* BlockModel.swift */; };
		8371376F1DD89CED003AD379 /* BlockModelLogic.swift in Sources */ = {isa = PBXBuildFile; fileRef = 8371376D1DD89CED003AD379 /* BlockModelLogic.swift */; };
		837137751DD8A1F5003AD379 /* Coordinate.swift in Sources */ = {isa = PBXBuildFile; fileRef = 837137701DD8A1F5003AD379 /* Coordinate.swift */; };
		837137761DD8A1F5003AD379 /* GridModel.swift in Sources */ = {isa = PBXBuildFile; fileRef = 837137711DD8A1F5003AD379 /* GridModel.swift */; };
		837137771DD8A1F5003AD379 /* GridModelInitialization.swift in Sources */ = {isa = PBXBuildFile; fileRef = 837137721DD8A1F5003AD379 /* GridModelInitialization.swift */; };
		837137781DD8A1F5003AD379 /* GridModelLogic.swift in Sources */ = {isa = PBXBuildFile; fileRef = 837137731DD8A1F5003AD379 /* GridModelLogic.swift */; };
		837137791DD8A1F5003AD379 /* GridModelUtility.swift in Sources */ = {isa = PBXBuildFile; fileRef = 837137741DD8A1F5003AD379 /* GridModelUtility.swift */; };
		8371377E1DD8E144003AD379 /* Archiver.swift in Sources */ = {isa = PBXBuildFile; fileRef = 8371377D1DD8E144003AD379 /* Archiver.swift */; };
		83AB62651D97106D00E61AB7 /* AppDelegate.swift in Sources */ = {isa = PBXBuildFile; fileRef = 83AB62641D97106D00E61AB7 /* AppDelegate.swift */; };
		83AB626C1D97106D00E61AB7 /* Assets.xcassets in Resources */ = {isa = PBXBuildFile; fileRef = 83AB626B1D97106D00E61AB7 /* Assets.xcassets */; };
		83AB626F1D97106D00E61AB7 /* LaunchScreen.storyboard in Resources */ = {isa = PBXBuildFile; fileRef = 83AB626D1D97106D00E61AB7 /* LaunchScreen.storyboard */; };
		933C120CEF59C9C398F98B3F /* Pods_Slider_SliderTests.framework in Frameworks */ = {isa = PBXBuildFile; fileRef = E87AEA41F862378B334E6C3D /* Pods_Slider_SliderTests.framework */; };
		CB04CA1F1E16AB060056A600 /* Delay.swift in Sources */ = {isa = PBXBuildFile; fileRef = CB04CA1E1E16AB060056A600 /* Delay.swift */; };
		CB04CA221E17F1C50056A600 /* IntroSegue.swift in Sources */ = {isa = PBXBuildFile; fileRef = CB04CA211E17F1C50056A600 /* IntroSegue.swift */; };
		CB04CA241E17F7670056A600 /* TabShowSegue.swift in Sources */ = {isa = PBXBuildFile; fileRef = CB04CA231E17F7670056A600 /* TabShowSegue.swift */; };
		CB23B34E1DE081C000ACFBC0 /* ArchiveTests.swift in Sources */ = {isa = PBXBuildFile; fileRef = CB23B34D1DE081C000ACFBC0 /* ArchiveTests.swift */; };
		CB54C8C21E22DF88008F2A00 /* ReplayViewModel.swift in Sources */ = {isa = PBXBuildFile; fileRef = CB54C8C11E22DF88008F2A00 /* ReplayViewModel.swift */; };
		CB54C8C61E2320F0008F2A00 /* GameHistoryModel.swift in Sources */ = {isa = PBXBuildFile; fileRef = CB54C8C41E2320F0008F2A00 /* GameHistoryModel.swift */; };
		CB54C8C71E2320F0008F2A00 /* HistoryStoreModel.swift in Sources */ = {isa = PBXBuildFile; fileRef = CB54C8C51E2320F0008F2A00 /* HistoryStoreModel.swift */; };
		CB54C8CA1E2321C3008F2A00 /* Puzzles.swift in Sources */ = {isa = PBXBuildFile; fileRef = CB54C8C91E2321C3008F2A00 /* Puzzles.swift */; };
		CB54C8CC1E232257008F2A00 /* PuzzleModel.swift in Sources */ = {isa = PBXBuildFile; fileRef = CB54C8CB1E232257008F2A00 /* PuzzleModel.swift */; };
		CB56F70C1E29422E00798C20 /* StoreKit.framework in Frameworks */ = {isa = PBXBuildFile; fileRef = CB56F70B1E29422E00798C20 /* StoreKit.framework */; };
		CB5908281EFC155400D77DB5 /* FTUE.storyboard in Resources */ = {isa = PBXBuildFile; fileRef = CB59080E1EFC155400D77DB5 /* FTUE.storyboard */; };
		CB5908291EFC155400D77DB5 /* FTUEViewController.swift in Sources */ = {isa = PBXBuildFile; fileRef = CB59080F1EFC155400D77DB5 /* FTUEViewController.swift */; };
		CB59082A1EFC155400D77DB5 /* Alerts.swift in Sources */ = {isa = PBXBuildFile; fileRef = CB5908121EFC155400D77DB5 /* Alerts.swift */; };
		CB59082B1EFC155400D77DB5 /* Gameboard.storyboard in Resources */ = {isa = PBXBuildFile; fileRef = CB5908131EFC155400D77DB5 /* Gameboard.storyboard */; };
		CB59082C1EFC155400D77DB5 /* GameboardViewController.swift in Sources */ = {isa = PBXBuildFile; fileRef = CB5908141EFC155400D77DB5 /* GameboardViewController.swift */; };
		CB59082D1EFC155400D77DB5 /* GameboardViewModel.swift in Sources */ = {isa = PBXBuildFile; fileRef = CB5908151EFC155400D77DB5 /* GameboardViewModel.swift */; };
		CB59082E1EFC155400D77DB5 /* HistoryList.storyboard in Resources */ = {isa = PBXBuildFile; fileRef = CB5908171EFC155400D77DB5 /* HistoryList.storyboard */; };
		CB59082F1EFC155400D77DB5 /* HistoryListCell.swift in Sources */ = {isa = PBXBuildFile; fileRef = CB5908181EFC155400D77DB5 /* HistoryListCell.swift */; };
		CB5908301EFC155400D77DB5 /* HistoryListViewController.swift in Sources */ = {isa = PBXBuildFile; fileRef = CB5908191EFC155400D77DB5 /* HistoryListViewController.swift */; };
		CB5908311EFC155400D77DB5 /* Intro.storyboard in Resources */ = {isa = PBXBuildFile; fileRef = CB59081B1EFC155400D77DB5 /* Intro.storyboard */; };
		CB5908321EFC155400D77DB5 /* IntroViewController.swift in Sources */ = {isa = PBXBuildFile; fileRef = CB59081C1EFC155400D77DB5 /* IntroViewController.swift */; };
		CB5908331EFC155400D77DB5 /* PuzzleList.storyboard in Resources */ = {isa = PBXBuildFile; fileRef = CB59081E1EFC155400D77DB5 /* PuzzleList.storyboard */; };
		CB5908341EFC155400D77DB5 /* PuzzleListCell.swift in Sources */ = {isa = PBXBuildFile; fileRef = CB59081F1EFC155400D77DB5 /* PuzzleListCell.swift */; };
		CB5908351EFC155400D77DB5 /* PuzzleListDataProvider.swift in Sources */ = {isa = PBXBuildFile; fileRef = CB5908201EFC155400D77DB5 /* PuzzleListDataProvider.swift */; };
		CB5908361EFC155400D77DB5 /* PuzzleListViewController.swift in Sources */ = {isa = PBXBuildFile; fileRef = CB5908211EFC155400D77DB5 /* PuzzleListViewController.swift */; };
		CB5908371EFC155400D77DB5 /* ReplayBoard.storyboard in Resources */ = {isa = PBXBuildFile; fileRef = CB5908231EFC155400D77DB5 /* ReplayBoard.storyboard */; };
		CB5908381EFC155400D77DB5 /* ReplayBoardViewController.swift in Sources */ = {isa = PBXBuildFile; fileRef = CB5908241EFC155400D77DB5 /* ReplayBoardViewController.swift */; };
		CB5908391EFC155400D77DB5 /* Settings.storyboard in Resources */ = {isa = PBXBuildFile; fileRef = CB5908261EFC155400D77DB5 /* Settings.storyboard */; };
		CB59083A1EFC155400D77DB5 /* SettingsViewController.swift in Sources */ = {isa = PBXBuildFile; fileRef = CB5908271EFC155400D77DB5 /* SettingsViewController.swift */; };
		CB59084D1EFC156000D77DB5 /* BannerAdView.swift in Sources */ = {isa = PBXBuildFile; fileRef = CB59083C1EFC156000D77DB5 /* BannerAdView.swift */; };
		CB59084E1EFC156000D77DB5 /* BannerAdView.xib in Resources */ = {isa = PBXBuildFile; fileRef = CB59083D1EFC156000D77DB5 /* BannerAdView.xib */; };
		CB59084F1EFC156000D77DB5 /* BlockViewModel.swift in Sources */ = {isa = PBXBuildFile; fileRef = CB59083F1EFC156000D77DB5 /* BlockViewModel.swift */; };
		CB5908501EFC156000D77DB5 /* CodedBlockView.swift in Sources */ = {isa = PBXBuildFile; fileRef = CB5908401EFC156000D77DB5 /* CodedBlockView.swift */; };
		CB5908511EFC156000D77DB5 /* BorderView.swift in Sources */ = {isa = PBXBuildFile; fileRef = CB5908421EFC156000D77DB5 /* BorderView.swift */; };
		CB5908521EFC156000D77DB5 /* BorderView.xib in Resources */ = {isa = PBXBuildFile; fileRef = CB5908431EFC156000D77DB5 /* BorderView.xib */; };
		CB5908531EFC156000D77DB5 /* ControlBarView.swift in Sources */ = {isa = PBXBuildFile; fileRef = CB5908451EFC156000D77DB5 /* ControlBarView.swift */; };
		CB5908541EFC156000D77DB5 /* ControlBarView.xib in Resources */ = {isa = PBXBuildFile; fileRef = CB5908461EFC156000D77DB5 /* ControlBarView.xib */; };
		CB5908551EFC156000D77DB5 /* ControlBarViewModel.swift in Sources */ = {isa = PBXBuildFile; fileRef = CB5908471EFC156000D77DB5 /* ControlBarViewModel.swift */; };
		CB5908561EFC156000D77DB5 /* TimerView.swift in Sources */ = {isa = PBXBuildFile; fileRef = CB5908481EFC156000D77DB5 /* TimerView.swift */; };
		CB5908571EFC156000D77DB5 /* GameSize.swift in Sources */ = {isa = PBXBuildFile; fileRef = CB59084A1EFC156000D77DB5 /* GameSize.swift */; };
		CB5908581EFC156000D77DB5 /* TransitionLabel.swift in Sources */ = {isa = PBXBuildFile; fileRef = CB59084B1EFC156000D77DB5 /* TransitionLabel.swift */; };
		CB5908591EFC156000D77DB5 /* XibLoadable.swift in Sources */ = {isa = PBXBuildFile; fileRef = CB59084C1EFC156000D77DB5 /* XibLoadable.swift */; };
		CB9C60261DF067610011F65F /* klotski.txt in Resources */ = {isa = PBXBuildFile; fileRef = CB9C60251DF067610011F65F /* klotski.txt */; };
		CB9F9AF81E204F32009FF7C2 /* UIView.swift in Sources */ = {isa = PBXBuildFile; fileRef = CB9F9AF71E204F32009FF7C2 /* UIView.swift */; };
		CBA63BF91DA9D8F4004C0EE6 /* Constants.swift in Sources */ = {isa = PBXBuildFile; fileRef = CBA63BF81DA9D8F4004C0EE6 /* Constants.swift */; };
		CBA63BFB1DA9E73F004C0EE6 /* ConstantsTests.swift in Sources */ = {isa = PBXBuildFile; fileRef = CBA63BFA1DA9E73F004C0EE6 /* ConstantsTests.swift */; };
		CBB7D3371E2562C2000CC0D3 /* Color.swift in Sources */ = {isa = PBXBuildFile; fileRef = CBB7D3361E2562C2000CC0D3 /* Color.swift */; };
		CBC5712C1DEB2F0700633ED8 /* GameModel.swift in Sources */ = {isa = PBXBuildFile; fileRef = CBC5712B1DEB2F0700633ED8 /* GameModel.swift */; };
		CBC5712E1DEB2F3A00633ED8 /* GameMoveData.swift in Sources */ = {isa = PBXBuildFile; fileRef = CBC5712D1DEB2F3A00633ED8 /* GameMoveData.swift */; };
		CBC922941DB0304F00132C91 /* GameModelTests.swift in Sources */ = {isa = PBXBuildFile; fileRef = CBC922931DB0304F00132C91 /* GameModelTests.swift */; };
		CBC922961DB03FCE00132C91 /* BlockModelTests.swift in Sources */ = {isa = PBXBuildFile; fileRef = CBC922951DB03FCE00132C91 /* BlockModelTests.swift */; };
		CBC9229C1DB1422600132C91 /* BlockModelLogicTests.swift in Sources */ = {isa = PBXBuildFile; fileRef = CBC9229B1DB1422600132C91 /* BlockModelLogicTests.swift */; };
/* End PBXBuildFile section */

/* Begin PBXContainerItemProxy section */
		834CDDB51D9B6A66002CB6DD /* PBXContainerItemProxy */ = {
			isa = PBXContainerItemProxy;
			containerPortal = 83AB62591D97106A00E61AB7 /* Project object */;
			proxyType = 1;
			remoteGlobalIDString = 83AB62601D97106A00E61AB7;
			remoteInfo = Slider;
		};
/* End PBXContainerItemProxy section */

/* Begin PBXFileReference section */
		37EBB68CCC3F36F5BC342702 /* Pods_Slider.framework */ = {isa = PBXFileReference; explicitFileType = wrapper.framework; includeInIndex = 0; path = Pods_Slider.framework; sourceTree = BUILT_PRODUCTS_DIR; };
		49088D34201AD22636D3F1FC /* Pods-Slider-SliderTests.release.xcconfig */ = {isa = PBXFileReference; includeInIndex = 1; lastKnownFileType = text.xcconfig; name = "Pods-Slider-SliderTests.release.xcconfig"; path = "Pods/Target Support Files/Pods-Slider-SliderTests/Pods-Slider-SliderTests.release.xcconfig"; sourceTree = "<group>"; };
		70D0EF3B887B77B70BE67A7B /* Pods-Slider.debug.xcconfig */ = {isa = PBXFileReference; includeInIndex = 1; lastKnownFileType = text.xcconfig; name = "Pods-Slider.debug.xcconfig"; path = "Pods/Target Support Files/Pods-Slider/Pods-Slider.debug.xcconfig"; sourceTree = "<group>"; };
		834CDDB01D9B6A63002CB6DD /* SliderTests.xctest */ = {isa = PBXFileReference; explicitFileType = wrapper.cfbundle; includeInIndex = 0; path = SliderTests.xctest; sourceTree = BUILT_PRODUCTS_DIR; };
		834CDDB41D9B6A66002CB6DD /* Info.plist */ = {isa = PBXFileReference; lastKnownFileType = text.plist.xml; path = Info.plist; sourceTree = "<group>"; };
		835DD0CB1DB31703002CFF8E /* GameModelLogicTests.swift */ = {isa = PBXFileReference; fileEncoding = 4; lastKnownFileType = sourcecode.swift; path = GameModelLogicTests.swift; sourceTree = "<group>"; };
		8371376C1DD89CED003AD379 /* BlockModel.swift */ = {isa = PBXFileReference; fileEncoding = 4; lastKnownFileType = sourcecode.swift; name = BlockModel.swift; path = Models/Block/BlockModel.swift; sourceTree = "<group>"; };
		8371376D1DD89CED003AD379 /* BlockModelLogic.swift */ = {isa = PBXFileReference; fileEncoding = 4; lastKnownFileType = sourcecode.swift; name = BlockModelLogic.swift; path = Models/Block/BlockModelLogic.swift; sourceTree = "<group>"; };
		837137701DD8A1F5003AD379 /* Coordinate.swift */ = {isa = PBXFileReference; fileEncoding = 4; lastKnownFileType = sourcecode.swift; name = Coordinate.swift; path = Models/Grid/Coordinate.swift; sourceTree = "<group>"; };
		837137711DD8A1F5003AD379 /* GridModel.swift */ = {isa = PBXFileReference; fileEncoding = 4; lastKnownFileType = sourcecode.swift; name = GridModel.swift; path = Models/Grid/GridModel.swift; sourceTree = "<group>"; };
		837137721DD8A1F5003AD379 /* GridModelInitialization.swift */ = {isa = PBXFileReference; fileEncoding = 4; lastKnownFileType = sourcecode.swift; name = GridModelInitialization.swift; path = Models/Grid/GridModelInitialization.swift; sourceTree = "<group>"; };
		837137731DD8A1F5003AD379 /* GridModelLogic.swift */ = {isa = PBXFileReference; fileEncoding = 4; lastKnownFileType = sourcecode.swift; name = GridModelLogic.swift; path = Models/Grid/GridModelLogic.swift; sourceTree = "<group>"; };
		837137741DD8A1F5003AD379 /* GridModelUtility.swift */ = {isa = PBXFileReference; fileEncoding = 4; lastKnownFileType = sourcecode.swift; name = GridModelUtility.swift; path = Models/Grid/GridModelUtility.swift; sourceTree = "<group>"; };
		8371377D1DD8E144003AD379 /* Archiver.swift */ = {isa = PBXFileReference; fileEncoding = 4; lastKnownFileType = sourcecode.swift; name = Archiver.swift; path = Store/Archiver.swift; sourceTree = "<group>"; };
		83AB62611D97106D00E61AB7 /* Slider.app */ = {isa = PBXFileReference; explicitFileType = wrapper.application; includeInIndex = 0; path = Slider.app; sourceTree = BUILT_PRODUCTS_DIR; };
		83AB62641D97106D00E61AB7 /* AppDelegate.swift */ = {isa = PBXFileReference; lastKnownFileType = sourcecode.swift; path = AppDelegate.swift; sourceTree = "<group>"; };
		83AB626B1D97106D00E61AB7 /* Assets.xcassets */ = {isa = PBXFileReference; lastKnownFileType = folder.assetcatalog; path = Assets.xcassets; sourceTree = "<group>"; };
		83AB626E1D97106D00E61AB7 /* Base */ = {isa = PBXFileReference; lastKnownFileType = file.storyboard; name = Base; path = Base.lproj/LaunchScreen.storyboard; sourceTree = "<group>"; };
		83AB62701D97106D00E61AB7 /* Info.plist */ = {isa = PBXFileReference; lastKnownFileType = text.plist.xml; path = Info.plist; sourceTree = "<group>"; };
		BC5B84D619DC575A9C97E07F /* Pods-Slider.release.xcconfig */ = {isa = PBXFileReference; includeInIndex = 1; lastKnownFileType = text.xcconfig; name = "Pods-Slider.release.xcconfig"; path = "Pods/Target Support Files/Pods-Slider/Pods-Slider.release.xcconfig"; sourceTree = "<group>"; };
		CB04CA1E1E16AB060056A600 /* Delay.swift */ = {isa = PBXFileReference; fileEncoding = 4; lastKnownFileType = sourcecode.swift; name = Delay.swift; path = Utilities/Delay.swift; sourceTree = "<group>"; };
		CB04CA211E17F1C50056A600 /* IntroSegue.swift */ = {isa = PBXFileReference; fileEncoding = 4; lastKnownFileType = sourcecode.swift; name = IntroSegue.swift; path = Segues/IntroSegue.swift; sourceTree = "<group>"; };
		CB04CA231E17F7670056A600 /* TabShowSegue.swift */ = {isa = PBXFileReference; fileEncoding = 4; lastKnownFileType = sourcecode.swift; name = TabShowSegue.swift; path = Segues/TabShowSegue.swift; sourceTree = "<group>"; };
		CB23B34D1DE081C000ACFBC0 /* ArchiveTests.swift */ = {isa = PBXFileReference; fileEncoding = 4; lastKnownFileType = sourcecode.swift; path = ArchiveTests.swift; sourceTree = "<group>"; };
		CB54C8C11E22DF88008F2A00 /* ReplayViewModel.swift */ = {isa = PBXFileReference; fileEncoding = 4; lastKnownFileType = sourcecode.swift; name = ReplayViewModel.swift; path = Models/Replay/ReplayViewModel.swift; sourceTree = "<group>"; };
		CB54C8C41E2320F0008F2A00 /* GameHistoryModel.swift */ = {isa = PBXFileReference; fileEncoding = 4; lastKnownFileType = sourcecode.swift; name = GameHistoryModel.swift; path = Models/History/GameHistoryModel.swift; sourceTree = "<group>"; };
		CB54C8C51E2320F0008F2A00 /* HistoryStoreModel.swift */ = {isa = PBXFileReference; fileEncoding = 4; lastKnownFileType = sourcecode.swift; name = HistoryStoreModel.swift; path = Models/History/HistoryStoreModel.swift; sourceTree = "<group>"; };
		CB54C8C91E2321C3008F2A00 /* Puzzles.swift */ = {isa = PBXFileReference; fileEncoding = 4; lastKnownFileType = sourcecode.swift; name = Puzzles.swift; path = Models/Puzzles/Puzzles.swift; sourceTree = "<group>"; };
		CB54C8CB1E232257008F2A00 /* PuzzleModel.swift */ = {isa = PBXFileReference; fileEncoding = 4; lastKnownFileType = sourcecode.swift; name = PuzzleModel.swift; path = Models/Puzzles/PuzzleModel.swift; sourceTree = "<group>"; };
		CB56F70B1E29422E00798C20 /* StoreKit.framework */ = {isa = PBXFileReference; lastKnownFileType = wrapper.framework; name = StoreKit.framework; path = System/Library/Frameworks/StoreKit.framework; sourceTree = SDKROOT; };
		CB59080E1EFC155400D77DB5 /* FTUE.storyboard */ = {isa = PBXFileReference; fileEncoding = 4; lastKnownFileType = file.storyboard; path = FTUE.storyboard; sourceTree = "<group>"; };
		CB59080F1EFC155400D77DB5 /* FTUEViewController.swift */ = {isa = PBXFileReference; fileEncoding = 4; lastKnownFileType = sourcecode.swift; path = FTUEViewController.swift; sourceTree = "<group>"; };
		CB5908121EFC155400D77DB5 /* Alerts.swift */ = {isa = PBXFileReference; fileEncoding = 4; lastKnownFileType = sourcecode.swift; path = Alerts.swift; sourceTree = "<group>"; };
		CB5908131EFC155400D77DB5 /* Gameboard.storyboard */ = {isa = PBXFileReference; fileEncoding = 4; lastKnownFileType = file.storyboard; path = Gameboard.storyboard; sourceTree = "<group>"; };
		CB5908141EFC155400D77DB5 /* GameboardViewController.swift */ = {isa = PBXFileReference; fileEncoding = 4; lastKnownFileType = sourcecode.swift; path = GameboardViewController.swift; sourceTree = "<group>"; };
		CB5908151EFC155400D77DB5 /* GameboardViewModel.swift */ = {isa = PBXFileReference; fileEncoding = 4; lastKnownFileType = sourcecode.swift; path = GameboardViewModel.swift; sourceTree = "<group>"; };
		CB5908171EFC155400D77DB5 /* HistoryList.storyboard */ = {isa = PBXFileReference; fileEncoding = 4; lastKnownFileType = file.storyboard; path = HistoryList.storyboard; sourceTree = "<group>"; };
		CB5908181EFC155400D77DB5 /* HistoryListCell.swift */ = {isa = PBXFileReference; fileEncoding = 4; lastKnownFileType = sourcecode.swift; path = HistoryListCell.swift; sourceTree = "<group>"; };
		CB5908191EFC155400D77DB5 /* HistoryListViewController.swift */ = {isa = PBXFileReference; fileEncoding = 4; lastKnownFileType = sourcecode.swift; path = HistoryListViewController.swift; sourceTree = "<group>"; };
		CB59081B1EFC155400D77DB5 /* Intro.storyboard */ = {isa = PBXFileReference; fileEncoding = 4; lastKnownFileType = file.storyboard; path = Intro.storyboard; sourceTree = "<group>"; };
		CB59081C1EFC155400D77DB5 /* IntroViewController.swift */ = {isa = PBXFileReference; fileEncoding = 4; lastKnownFileType = sourcecode.swift; path = IntroViewController.swift; sourceTree = "<group>"; };
		CB59081E1EFC155400D77DB5 /* PuzzleList.storyboard */ = {isa = PBXFileReference; fileEncoding = 4; lastKnownFileType = file.storyboard; path = PuzzleList.storyboard; sourceTree = "<group>"; };
		CB59081F1EFC155400D77DB5 /* PuzzleListCell.swift */ = {isa = PBXFileReference; fileEncoding = 4; lastKnownFileType = sourcecode.swift; path = PuzzleListCell.swift; sourceTree = "<group>"; };
		CB5908201EFC155400D77DB5 /* PuzzleListDataProvider.swift */ = {isa = PBXFileReference; fileEncoding = 4; lastKnownFileType = sourcecode.swift; path = PuzzleListDataProvider.swift; sourceTree = "<group>"; };
		CB5908211EFC155400D77DB5 /* PuzzleListViewController.swift */ = {isa = PBXFileReference; fileEncoding = 4; lastKnownFileType = sourcecode.swift; path = PuzzleListViewController.swift; sourceTree = "<group>"; };
		CB5908231EFC155400D77DB5 /* ReplayBoard.storyboard */ = {isa = PBXFileReference; fileEncoding = 4; lastKnownFileType = file.storyboard; path = ReplayBoard.storyboard; sourceTree = "<group>"; };
		CB5908241EFC155400D77DB5 /* ReplayBoardViewController.swift */ = {isa = PBXFileReference; fileEncoding = 4; lastKnownFileType = sourcecode.swift; path = ReplayBoardViewController.swift; sourceTree = "<group>"; };
		CB5908261EFC155400D77DB5 /* Settings.storyboard */ = {isa = PBXFileReference; fileEncoding = 4; lastKnownFileType = file.storyboard; path = Settings.storyboard; sourceTree = "<group>"; };
		CB5908271EFC155400D77DB5 /* SettingsViewController.swift */ = {isa = PBXFileReference; fileEncoding = 4; lastKnownFileType = sourcecode.swift; path = SettingsViewController.swift; sourceTree = "<group>"; };
		CB59083C1EFC156000D77DB5 /* BannerAdView.swift */ = {isa = PBXFileReference; fileEncoding = 4; lastKnownFileType = sourcecode.swift; path = BannerAdView.swift; sourceTree = "<group>"; };
		CB59083D1EFC156000D77DB5 /* BannerAdView.xib */ = {isa = PBXFileReference; fileEncoding = 4; lastKnownFileType = file.xib; path = BannerAdView.xib; sourceTree = "<group>"; };
		CB59083F1EFC156000D77DB5 /* BlockViewModel.swift */ = {isa = PBXFileReference; fileEncoding = 4; lastKnownFileType = sourcecode.swift; path = BlockViewModel.swift; sourceTree = "<group>"; };
		CB5908401EFC156000D77DB5 /* CodedBlockView.swift */ = {isa = PBXFileReference; fileEncoding = 4; lastKnownFileType = sourcecode.swift; path = CodedBlockView.swift; sourceTree = "<group>"; };
		CB5908421EFC156000D77DB5 /* BorderView.swift */ = {isa = PBXFileReference; fileEncoding = 4; lastKnownFileType = sourcecode.swift; path = BorderView.swift; sourceTree = "<group>"; };
		CB5908431EFC156000D77DB5 /* BorderView.xib */ = {isa = PBXFileReference; fileEncoding = 4; lastKnownFileType = file.xib; path = BorderView.xib; sourceTree = "<group>"; };
		CB5908451EFC156000D77DB5 /* ControlBarView.swift */ = {isa = PBXFileReference; fileEncoding = 4; lastKnownFileType = sourcecode.swift; path = ControlBarView.swift; sourceTree = "<group>"; };
		CB5908461EFC156000D77DB5 /* ControlBarView.xib */ = {isa = PBXFileReference; fileEncoding = 4; lastKnownFileType = file.xib; path = ControlBarView.xib; sourceTree = "<group>"; };
		CB5908471EFC156000D77DB5 /* ControlBarViewModel.swift */ = {isa = PBXFileReference; fileEncoding = 4; lastKnownFileType = sourcecode.swift; path = ControlBarViewModel.swift; sourceTree = "<group>"; };
		CB5908481EFC156000D77DB5 /* TimerView.swift */ = {isa = PBXFileReference; fileEncoding = 4; lastKnownFileType = sourcecode.swift; path = TimerView.swift; sourceTree = "<group>"; };
		CB59084A1EFC156000D77DB5 /* GameSize.swift */ = {isa = PBXFileReference; fileEncoding = 4; lastKnownFileType = sourcecode.swift; path = GameSize.swift; sourceTree = "<group>"; };
		CB59084B1EFC156000D77DB5 /* TransitionLabel.swift */ = {isa = PBXFileReference; fileEncoding = 4; lastKnownFileType = sourcecode.swift; name = TransitionLabel.swift; path = Views/TransitionLabel.swift; sourceTree = "<group>"; };
		CB59084C1EFC156000D77DB5 /* XibLoadable.swift */ = {isa = PBXFileReference; fileEncoding = 4; lastKnownFileType = sourcecode.swift; name = XibLoadable.swift; path = Views/XibLoadable.swift; sourceTree = "<group>"; };
		CB9C60251DF067610011F65F /* klotski.txt */ = {isa = PBXFileReference; fileEncoding = 4; lastKnownFileType = text; name = klotski.txt; path = Resources/klotski.txt; sourceTree = "<group>"; };
		CB9F9AF71E204F32009FF7C2 /* UIView.swift */ = {isa = PBXFileReference; fileEncoding = 4; lastKnownFileType = sourcecode.swift; name = UIView.swift; path = Extensions/UIView.swift; sourceTree = "<group>"; };
		CBA63BF81DA9D8F4004C0EE6 /* Constants.swift */ = {isa = PBXFileReference; fileEncoding = 4; lastKnownFileType = sourcecode.swift; name = Constants.swift; path = Utilities/Constants.swift; sourceTree = "<group>"; };
		CBA63BFA1DA9E73F004C0EE6 /* ConstantsTests.swift */ = {isa = PBXFileReference; fileEncoding = 4; lastKnownFileType = sourcecode.swift; path = ConstantsTests.swift; sourceTree = "<group>"; };
		CBB7D3361E2562C2000CC0D3 /* Color.swift */ = {isa = PBXFileReference; fileEncoding = 4; lastKnownFileType = sourcecode.swift; name = Color.swift; path = Store/Color.swift; sourceTree = "<group>"; };
		CBC5712B1DEB2F0700633ED8 /* GameModel.swift */ = {isa = PBXFileReference; fileEncoding = 4; lastKnownFileType = sourcecode.swift; name = GameModel.swift; path = Models/Game/GameModel.swift; sourceTree = "<group>"; };
		CBC5712D1DEB2F3A00633ED8 /* GameMoveData.swift */ = {isa = PBXFileReference; fileEncoding = 4; lastKnownFileType = sourcecode.swift; name = GameMoveData.swift; path = Models/Game/GameMoveData.swift; sourceTree = "<group>"; };
		CBC922931DB0304F00132C91 /* GameModelTests.swift */ = {isa = PBXFileReference; fileEncoding = 4; lastKnownFileType = sourcecode.swift; path = GameModelTests.swift; sourceTree = "<group>"; };
		CBC922951DB03FCE00132C91 /* BlockModelTests.swift */ = {isa = PBXFileReference; fileEncoding = 4; lastKnownFileType = sourcecode.swift; path = BlockModelTests.swift; sourceTree = "<group>"; };
		CBC9229B1DB1422600132C91 /* BlockModelLogicTests.swift */ = {isa = PBXFileReference; fileEncoding = 4; lastKnownFileType = sourcecode.swift; path = BlockModelLogicTests.swift; sourceTree = "<group>"; };
		E87AEA41F862378B334E6C3D /* Pods_Slider_SliderTests.framework */ = {isa = PBXFileReference; explicitFileType = wrapper.framework; includeInIndex = 0; path = Pods_Slider_SliderTests.framework; sourceTree = BUILT_PRODUCTS_DIR; };
		FBB8FB1D2BF6E068E8500308 /* Pods-Slider-SliderTests.debug.xcconfig */ = {isa = PBXFileReference; includeInIndex = 1; lastKnownFileType = text.xcconfig; name = "Pods-Slider-SliderTests.debug.xcconfig"; path = "Pods/Target Support Files/Pods-Slider-SliderTests/Pods-Slider-SliderTests.debug.xcconfig"; sourceTree = "<group>"; };
/* End PBXFileReference section */

/* Begin PBXFrameworksBuildPhase section */
		834CDDAD1D9B6A62002CB6DD /* Frameworks */ = {
			isa = PBXFrameworksBuildPhase;
			buildActionMask = 2147483647;
			files = (
				933C120CEF59C9C398F98B3F /* Pods_Slider_SliderTests.framework in Frameworks */,
			);
			runOnlyForDeploymentPostprocessing = 0;
		};
		83AB625E1D97106A00E61AB7 /* Frameworks */ = {
			isa = PBXFrameworksBuildPhase;
			buildActionMask = 2147483647;
			files = (
				14A719E0799017184F795BDC /* Pods_Slider.framework in Frameworks */,
				CB56F70C1E29422E00798C20 /* StoreKit.framework in Frameworks */,
			);
			runOnlyForDeploymentPostprocessing = 0;
		};
/* End PBXFrameworksBuildPhase section */

/* Begin PBXGroup section */
		834CDDB11D9B6A64002CB6DD /* SliderTests */ = {
			isa = PBXGroup;
			children = (
				CB23B34D1DE081C000ACFBC0 /* ArchiveTests.swift */,
				CBC922931DB0304F00132C91 /* GameModelTests.swift */,
				835DD0CB1DB31703002CFF8E /* GameModelLogicTests.swift */,
				CBC922951DB03FCE00132C91 /* BlockModelTests.swift */,
				CBC9229B1DB1422600132C91 /* BlockModelLogicTests.swift */,
				CBA63BFA1DA9E73F004C0EE6 /* ConstantsTests.swift */,
				834CDDB41D9B6A66002CB6DD /* Info.plist */,
			);
			path = SliderTests;
			sourceTree = "<group>";
		};
		837137541DD897A2003AD379 /* Block */ = {
			isa = PBXGroup;
			children = (
				8371376C1DD89CED003AD379 /* BlockModel.swift */,
				8371376D1DD89CED003AD379 /* BlockModelLogic.swift */,
			);
			name = Block;
			sourceTree = "<group>";
		};
		837137611DD89A21003AD379 /* ViewControllers */ = {
			isa = PBXGroup;
			children = (
				CB59080D1EFC155400D77DB5 /* FTUE */,
				CB5908101EFC155400D77DB5 /* GameBoard */,
				CB5908161EFC155400D77DB5 /* HistoryList */,
				CB59081A1EFC155400D77DB5 /* Intro */,
				CB59081D1EFC155400D77DB5 /* PuzzleList */,
				CB5908221EFC155400D77DB5 /* ReplayBoard */,
				CB5908251EFC155400D77DB5 /* Settings */,
			);
			name = ViewControllers;
			sourceTree = "<group>";
		};
		8371377C1DD8E11A003AD379 /* Store */ = {
			isa = PBXGroup;
			children = (
				8371377D1DD8E144003AD379 /* Archiver.swift */,
				CBB7D3361E2562C2000CC0D3 /* Color.swift */,
			);
			name = Store;
			sourceTree = "<group>";
		};
		83AB62581D97106A00E61AB7 = {
			isa = PBXGroup;
			children = (
				83AB62631D97106D00E61AB7 /* Slider */,
				834CDDB11D9B6A64002CB6DD /* SliderTests */,
				83AB62621D97106D00E61AB7 /* Products */,
				EC1CD7408572E2BF31C54A2B /* Pods */,
				F7D0EBE64F0DF3544820B961 /* Frameworks */,
			);
			sourceTree = "<group>";
		};
		83AB62621D97106D00E61AB7 /* Products */ = {
			isa = PBXGroup;
			children = (
				83AB62611D97106D00E61AB7 /* Slider.app */,
				834CDDB01D9B6A63002CB6DD /* SliderTests.xctest */,
			);
			name = Products;
			sourceTree = "<group>";
		};
		83AB62631D97106D00E61AB7 /* Slider */ = {
			isa = PBXGroup;
			children = (
				83AB62641D97106D00E61AB7 /* AppDelegate.swift */,
				83AB626B1D97106D00E61AB7 /* Assets.xcassets */,
				83AB62701D97106D00E61AB7 /* Info.plist */,
				CB9F9AF61E204EC2009FF7C2 /* Extensions */,
				CB9C60241DF067510011F65F /* Resources */,
				CBA63BF71DA9D7ED004C0EE6 /* Utilities */,
				CB04CA201E17F0990056A600 /* Segues */,
				8371377C1DD8E11A003AD379 /* Store */,
				CB5870901DAEE53A00D1EEE9 /* Models */,
				837137611DD89A21003AD379 /* ViewControllers */,
				83BE867D1DB267EA00D51EA1 /* Views */,
			);
			path = Slider;
			sourceTree = "<group>";
		};
		83BE867D1DB267EA00D51EA1 /* Views */ = {
			isa = PBXGroup;
			children = (
				CB59083B1EFC156000D77DB5 /* BannerAd */,
				CB59083E1EFC156000D77DB5 /* Block */,
				CB5908411EFC156000D77DB5 /* Border */,
				CB5908441EFC156000D77DB5 /* ControlBar */,
				CB5908491EFC156000D77DB5 /* Enums */,
				CB59084B1EFC156000D77DB5 /* TransitionLabel.swift */,
				CB59084C1EFC156000D77DB5 /* XibLoadable.swift */,
			);
			name = Views;
			sourceTree = "<group>";
		};
		CB04A41D1DD4C990007BE787 /* Grid */ = {
			isa = PBXGroup;
			children = (
				837137701DD8A1F5003AD379 /* Coordinate.swift */,
				837137711DD8A1F5003AD379 /* GridModel.swift */,
				837137721DD8A1F5003AD379 /* GridModelInitialization.swift */,
				837137731DD8A1F5003AD379 /* GridModelLogic.swift */,
				837137741DD8A1F5003AD379 /* GridModelUtility.swift */,
			);
			name = Grid;
			sourceTree = "<group>";
		};
		CB04CA201E17F0990056A600 /* Segues */ = {
			isa = PBXGroup;
			children = (
				CB04CA211E17F1C50056A600 /* IntroSegue.swift */,
				CB04CA231E17F7670056A600 /* TabShowSegue.swift */,
			);
			name = Segues;
			sourceTree = "<group>";
		};
		CB54C8C01E22DF14008F2A00 /* Replay */ = {
			isa = PBXGroup;
			children = (
				CB54C8C11E22DF88008F2A00 /* ReplayViewModel.swift */,
			);
			name = Replay;
			sourceTree = "<group>";
		};
		CB54C8C31E2320AC008F2A00 /* History */ = {
			isa = PBXGroup;
			children = (
				CB54C8C41E2320F0008F2A00 /* GameHistoryModel.swift */,
				CB54C8C51E2320F0008F2A00 /* HistoryStoreModel.swift */,
			);
			name = History;
			sourceTree = "<group>";
		};
		CB54C8C81E232125008F2A00 /* Puzzles */ = {
			isa = PBXGroup;
			children = (
				CB54C8C91E2321C3008F2A00 /* Puzzles.swift */,
				CB54C8CB1E232257008F2A00 /* PuzzleModel.swift */,
			);
			name = Puzzles;
			sourceTree = "<group>";
		};
		CB5870901DAEE53A00D1EEE9 /* Models */ = {
			isa = PBXGroup;
			children = (
				CB54C8C31E2320AC008F2A00 /* History */,
				CB54C8C01E22DF14008F2A00 /* Replay */,
				837137541DD897A2003AD379 /* Block */,
				CB04A41D1DD4C990007BE787 /* Grid */,
				CBC5712A1DEB2E9600633ED8 /* Game */,
				CB54C8C81E232125008F2A00 /* Puzzles */,
			);
			name = Models;
			sourceTree = "<group>";
		};
		CB59080D1EFC155400D77DB5 /* FTUE */ = {
			isa = PBXGroup;
			children = (
				CB59080E1EFC155400D77DB5 /* FTUE.storyboard */,
				CB59080F1EFC155400D77DB5 /* FTUEViewController.swift */,
			);
			name = FTUE;
			path = ViewControllers/FTUE;
			sourceTree = "<group>";
		};
		CB5908101EFC155400D77DB5 /* GameBoard */ = {
			isa = PBXGroup;
			children = (
				CB5908111EFC155400D77DB5 /* enums */,
				CB5908131EFC155400D77DB5 /* Gameboard.storyboard */,
				CB5908141EFC155400D77DB5 /* GameboardViewController.swift */,
				CB5908151EFC155400D77DB5 /* GameboardViewModel.swift */,
			);
			name = GameBoard;
			path = ViewControllers/GameBoard;
			sourceTree = "<group>";
		};
		CB5908111EFC155400D77DB5 /* enums */ = {
			isa = PBXGroup;
			children = (
				CB5908121EFC155400D77DB5 /* Alerts.swift */,
			);
			path = enums;
			sourceTree = "<group>";
		};
		CB5908161EFC155400D77DB5 /* HistoryList */ = {
			isa = PBXGroup;
			children = (
				CB5908171EFC155400D77DB5 /* HistoryList.storyboard */,
				CB5908181EFC155400D77DB5 /* HistoryListCell.swift */,
				CB5908191EFC155400D77DB5 /* HistoryListViewController.swift */,
			);
			name = HistoryList;
			path = ViewControllers/HistoryList;
			sourceTree = "<group>";
		};
		CB59081A1EFC155400D77DB5 /* Intro */ = {
			isa = PBXGroup;
			children = (
				83AB626D1D97106D00E61AB7 /* LaunchScreen.storyboard */,
				CB59081B1EFC155400D77DB5 /* Intro.storyboard */,
				CB59081C1EFC155400D77DB5 /* IntroViewController.swift */,
			);
			name = Intro;
			path = ViewControllers/Intro;
			sourceTree = "<group>";
		};
		CB59081D1EFC155400D77DB5 /* PuzzleList */ = {
			isa = PBXGroup;
			children = (
				CB59081E1EFC155400D77DB5 /* PuzzleList.storyboard */,
				CB59081F1EFC155400D77DB5 /* PuzzleListCell.swift */,
				CB5908201EFC155400D77DB5 /* PuzzleListDataProvider.swift */,
				CB5908211EFC155400D77DB5 /* PuzzleListViewController.swift */,
			);
			name = PuzzleList;
			path = ViewControllers/PuzzleList;
			sourceTree = "<group>";
		};
		CB5908221EFC155400D77DB5 /* ReplayBoard */ = {
			isa = PBXGroup;
			children = (
				CB5908231EFC155400D77DB5 /* ReplayBoard.storyboard */,
				CB5908241EFC155400D77DB5 /* ReplayBoardViewController.swift */,
			);
			name = ReplayBoard;
			path = ViewControllers/ReplayBoard;
			sourceTree = "<group>";
		};
		CB5908251EFC155400D77DB5 /* Settings */ = {
			isa = PBXGroup;
			children = (
				CB5908261EFC155400D77DB5 /* Settings.storyboard */,
				CB5908271EFC155400D77DB5 /* SettingsViewController.swift */,
			);
			name = Settings;
			path = ViewControllers/Settings;
			sourceTree = "<group>";
		};
		CB59083B1EFC156000D77DB5 /* BannerAd */ = {
			isa = PBXGroup;
			children = (
				CB59083C1EFC156000D77DB5 /* BannerAdView.swift */,
				CB59083D1EFC156000D77DB5 /* BannerAdView.xib */,
			);
			name = BannerAd;
			path = Views/BannerAd;
			sourceTree = "<group>";
		};
		CB59083E1EFC156000D77DB5 /* Block */ = {
			isa = PBXGroup;
			children = (
				CB59083F1EFC156000D77DB5 /* BlockViewModel.swift */,
				CB5908401EFC156000D77DB5 /* CodedBlockView.swift */,
			);
			name = Block;
			path = Views/Block;
			sourceTree = "<group>";
		};
		CB5908411EFC156000D77DB5 /* Border */ = {
			isa = PBXGroup;
			children = (
				CB5908421EFC156000D77DB5 /* BorderView.swift */,
				CB5908431EFC156000D77DB5 /* BorderView.xib */,
			);
			name = Border;
			path = Views/Border;
			sourceTree = "<group>";
		};
		CB5908441EFC156000D77DB5 /* ControlBar */ = {
			isa = PBXGroup;
			children = (
				CB5908451EFC156000D77DB5 /* ControlBarView.swift */,
				CB5908461EFC156000D77DB5 /* ControlBarView.xib */,
				CB5908471EFC156000D77DB5 /* ControlBarViewModel.swift */,
				CB5908481EFC156000D77DB5 /* TimerView.swift */,
			);
			name = ControlBar;
			path = Views/ControlBar;
			sourceTree = "<group>";
		};
		CB5908491EFC156000D77DB5 /* Enums */ = {
			isa = PBXGroup;
			children = (
				CB59084A1EFC156000D77DB5 /* GameSize.swift */,
			);
			name = Enums;
			path = Views/Enums;
			sourceTree = "<group>";
		};
		CB9C60241DF067510011F65F /* Resources */ = {
			isa = PBXGroup;
			children = (
				CB9C60251DF067610011F65F /* klotski.txt */,
			);
			name = Resources;
			sourceTree = "<group>";
		};
		CB9F9AF61E204EC2009FF7C2 /* Extensions */ = {
			isa = PBXGroup;
			children = (
				CB9F9AF71E204F32009FF7C2 /* UIView.swift */,
			);
			name = Extensions;
			sourceTree = "<group>";
		};
		CBA63BF71DA9D7ED004C0EE6 /* Utilities */ = {
			isa = PBXGroup;
			children = (
				CBA63BF81DA9D8F4004C0EE6 /* Constants.swift */,
				CB04CA1E1E16AB060056A600 /* Delay.swift */,
			);
			name = Utilities;
			sourceTree = "<group>";
		};
		CBC5712A1DEB2E9600633ED8 /* Game */ = {
			isa = PBXGroup;
			children = (
				CBC5712B1DEB2F0700633ED8 /* GameModel.swift */,
				CBC5712D1DEB2F3A00633ED8 /* GameMoveData.swift */,
			);
			name = Game;
			sourceTree = "<group>";
		};
		EC1CD7408572E2BF31C54A2B /* Pods */ = {
			isa = PBXGroup;
			children = (
				70D0EF3B887B77B70BE67A7B /* Pods-Slider.debug.xcconfig */,
				BC5B84D619DC575A9C97E07F /* Pods-Slider.release.xcconfig */,
				FBB8FB1D2BF6E068E8500308 /* Pods-Slider-SliderTests.debug.xcconfig */,
				49088D34201AD22636D3F1FC /* Pods-Slider-SliderTests.release.xcconfig */,
			);
			name = Pods;
			sourceTree = "<group>";
		};
		F7D0EBE64F0DF3544820B961 /* Frameworks */ = {
			isa = PBXGroup;
			children = (
				CB56F70B1E29422E00798C20 /* StoreKit.framework */,
				37EBB68CCC3F36F5BC342702 /* Pods_Slider.framework */,
				E87AEA41F862378B334E6C3D /* Pods_Slider_SliderTests.framework */,
			);
			name = Frameworks;
			sourceTree = "<group>";
		};
/* End PBXGroup section */

/* Begin PBXNativeTarget section */
		834CDDAF1D9B6A62002CB6DD /* SliderTests */ = {
			isa = PBXNativeTarget;
			buildConfigurationList = 834CDDB71D9B6A66002CB6DD /* Build configuration list for PBXNativeTarget "SliderTests" */;
			buildPhases = (
				76E2B3B6EF0CB98AA0AB621E /* [CP] Check Pods Manifest.lock */,
				834CDDAC1D9B6A62002CB6DD /* Sources */,
				834CDDAD1D9B6A62002CB6DD /* Frameworks */,
				834CDDAE1D9B6A62002CB6DD /* Resources */,
				D40D766B58F33063363BB33B /* [CP] Embed Pods Frameworks */,
				9A231E4432F1B2469E28F162 /* [CP] Copy Pods Resources */,
			);
			buildRules = (
			);
			dependencies = (
				834CDDB61D9B6A66002CB6DD /* PBXTargetDependency */,
			);
			name = SliderTests;
			productName = SliderTests;
			productReference = 834CDDB01D9B6A63002CB6DD /* SliderTests.xctest */;
			productType = "com.apple.product-type.bundle.unit-test";
		};
		83AB62601D97106A00E61AB7 /* Slider */ = {
			isa = PBXNativeTarget;
			buildConfigurationList = 83AB62731D97106D00E61AB7 /* Build configuration list for PBXNativeTarget "Slider" */;
			buildPhases = (
				0C1B77F44E5A16E8A9015A3F /* [CP] Check Pods Manifest.lock */,
				CB8386871E4AC7A2005451DD /* Increment Build Number */,
				83AB625D1D97106A00E61AB7 /* Sources */,
				83AB625E1D97106A00E61AB7 /* Frameworks */,
				83AB625F1D97106A00E61AB7 /* Resources */,
				CB04A4191DD3E660007BE787 /* Swift Lint */,
				8AF53EEFBDAF55D162F33A30 /* [CP] Embed Pods Frameworks */,
				3188C3FDBEC3F9E12D6940F6 /* [CP] Copy Pods Resources */,
				CB876D581E4D677900B50221 /* Fabric */,
			);
			buildRules = (
			);
			dependencies = (
			);
			name = Slider;
			productName = Slider;
			productReference = 83AB62611D97106D00E61AB7 /* Slider.app */;
			productType = "com.apple.product-type.application";
		};
/* End PBXNativeTarget section */

/* Begin PBXProject section */
		83AB62591D97106A00E61AB7 /* Project object */ = {
			isa = PBXProject;
			attributes = {
				LastSwiftUpdateCheck = 0800;
				LastUpgradeCheck = 0820;
				ORGANIZATIONNAME = "TKO Solutions";
				TargetAttributes = {
					834CDDAF1D9B6A62002CB6DD = {
						CreatedOnToolsVersion = 8.0;
						ProvisioningStyle = Automatic;
						TestTargetID = 83AB62601D97106A00E61AB7;
					};
					83AB62601D97106A00E61AB7 = {
						CreatedOnToolsVersion = 8.0;
						DevelopmentTeam = H4UQYGEL4C;
						ProvisioningStyle = Automatic;
						SystemCapabilities = {
							com.apple.InAppPurchase = {
								enabled = 1;
							};
						};
					};
				};
			};
			buildConfigurationList = 83AB625C1D97106A00E61AB7 /* Build configuration list for PBXProject "Slider" */;
			compatibilityVersion = "Xcode 3.2";
			developmentRegion = English;
			hasScannedForEncodings = 0;
			knownRegions = (
				en,
				Base,
			);
			mainGroup = 83AB62581D97106A00E61AB7;
			productRefGroup = 83AB62621D97106D00E61AB7 /* Products */;
			projectDirPath = "";
			projectRoot = "";
			targets = (
				83AB62601D97106A00E61AB7 /* Slider */,
				834CDDAF1D9B6A62002CB6DD /* SliderTests */,
			);
		};
/* End PBXProject section */

/* Begin PBXResourcesBuildPhase section */
		834CDDAE1D9B6A62002CB6DD /* Resources */ = {
			isa = PBXResourcesBuildPhase;
			buildActionMask = 2147483647;
			files = (
			);
			runOnlyForDeploymentPostprocessing = 0;
		};
		83AB625F1D97106A00E61AB7 /* Resources */ = {
			isa = PBXResourcesBuildPhase;
			buildActionMask = 2147483647;
			files = (
				CB9C60261DF067610011F65F /* klotski.txt in Resources */,
				83AB626F1D97106D00E61AB7 /* LaunchScreen.storyboard in Resources */,
				CB5908331EFC155400D77DB5 /* PuzzleList.storyboard in Resources */,
				CB5908281EFC155400D77DB5 /* FTUE.storyboard in Resources */,
				CB5908521EFC156000D77DB5 /* BorderView.xib in Resources */,
				83AB626C1D97106D00E61AB7 /* Assets.xcassets in Resources */,
				CB59082B1EFC155400D77DB5 /* Gameboard.storyboard in Resources */,
				CB5908541EFC156000D77DB5 /* ControlBarView.xib in Resources */,
				CB5908311EFC155400D77DB5 /* Intro.storyboard in Resources */,
				CB59084E1EFC156000D77DB5 /* BannerAdView.xib in Resources */,
				CB5908371EFC155400D77DB5 /* ReplayBoard.storyboard in Resources */,
				CB59082E1EFC155400D77DB5 /* HistoryList.storyboard in Resources */,
				CB5908391EFC155400D77DB5 /* Settings.storyboard in Resources */,
			);
			runOnlyForDeploymentPostprocessing = 0;
		};
/* End PBXResourcesBuildPhase section */

/* Begin PBXShellScriptBuildPhase section */
		0C1B77F44E5A16E8A9015A3F /* [CP] Check Pods Manifest.lock */ = {
			isa = PBXShellScriptBuildPhase;
			buildActionMask = 2147483647;
			files = (
			);
			inputPaths = (
			);
			name = "[CP] Check Pods Manifest.lock";
			outputPaths = (
			);
			runOnlyForDeploymentPostprocessing = 0;
			shellPath = /bin/sh;
			shellScript = "diff \"${PODS_PODFILE_DIR_PATH}/Podfile.lock\" \"${PODS_ROOT}/Manifest.lock\" > /dev/null\nif [ $? != 0 ] ; then\n    # print error to STDERR\n    echo \"error: The sandbox is not in sync with the Podfile.lock. Run 'pod install' or update your CocoaPods installation.\" >&2\n    exit 1\nfi\n";
			showEnvVarsInLog = 0;
		};
		3188C3FDBEC3F9E12D6940F6 /* [CP] Copy Pods Resources */ = {
			isa = PBXShellScriptBuildPhase;
			buildActionMask = 2147483647;
			files = (
			);
			inputPaths = (
			);
			name = "[CP] Copy Pods Resources";
			outputPaths = (
			);
			runOnlyForDeploymentPostprocessing = 0;
			shellPath = /bin/sh;
			shellScript = "\"${SRCROOT}/Pods/Target Support Files/Pods-Slider/Pods-Slider-resources.sh\"\n";
			showEnvVarsInLog = 0;
		};
		76E2B3B6EF0CB98AA0AB621E /* [CP] Check Pods Manifest.lock */ = {
			isa = PBXShellScriptBuildPhase;
			buildActionMask = 2147483647;
			files = (
			);
			inputPaths = (
			);
			name = "[CP] Check Pods Manifest.lock";
			outputPaths = (
			);
			runOnlyForDeploymentPostprocessing = 0;
			shellPath = /bin/sh;
			shellScript = "diff \"${PODS_PODFILE_DIR_PATH}/Podfile.lock\" \"${PODS_ROOT}/Manifest.lock\" > /dev/null\nif [ $? != 0 ] ; then\n    # print error to STDERR\n    echo \"error: The sandbox is not in sync with the Podfile.lock. Run 'pod install' or update your CocoaPods installation.\" >&2\n    exit 1\nfi\n";
			showEnvVarsInLog = 0;
		};
		8AF53EEFBDAF55D162F33A30 /* [CP] Embed Pods Frameworks */ = {
			isa = PBXShellScriptBuildPhase;
			buildActionMask = 2147483647;
			files = (
			);
			inputPaths = (
			);
			name = "[CP] Embed Pods Frameworks";
			outputPaths = (
			);
			runOnlyForDeploymentPostprocessing = 0;
			shellPath = /bin/sh;
			shellScript = "\"${SRCROOT}/Pods/Target Support Files/Pods-Slider/Pods-Slider-frameworks.sh\"\n";
			showEnvVarsInLog = 0;
		};
		9A231E4432F1B2469E28F162 /* [CP] Copy Pods Resources */ = {
			isa = PBXShellScriptBuildPhase;
			buildActionMask = 2147483647;
			files = (
			);
			inputPaths = (
			);
			name = "[CP] Copy Pods Resources";
			outputPaths = (
			);
			runOnlyForDeploymentPostprocessing = 0;
			shellPath = /bin/sh;
			shellScript = "\"${SRCROOT}/Pods/Target Support Files/Pods-Slider-SliderTests/Pods-Slider-SliderTests-resources.sh\"\n";
			showEnvVarsInLog = 0;
		};
		CB04A4191DD3E660007BE787 /* Swift Lint */ = {
			isa = PBXShellScriptBuildPhase;
			buildActionMask = 2147483647;
			files = (
			);
			inputPaths = (
			);
			name = "Swift Lint";
			outputPaths = (
			);
			runOnlyForDeploymentPostprocessing = 0;
			shellPath = /bin/sh;
			shellScript = "if which swiftlint >/dev/null; then\n  swiftlint\nelse\n  echo \"SwiftLint does not exist, download from https://github.com/realm/SwiftLint\"\nfi";
		};
		CB8386871E4AC7A2005451DD /* Increment Build Number */ = {
			isa = PBXShellScriptBuildPhase;
			buildActionMask = 2147483647;
			files = (
			);
			inputPaths = (
			);
			name = "Increment Build Number";
			outputPaths = (
			);
			runOnlyForDeploymentPostprocessing = 0;
			shellPath = /bin/sh;
			shellScript = "if [ $CONFIGURATION == Release ]; then\necho \"Bumping build number...\"\nplist=${PROJECT_DIR}/${INFOPLIST_FILE}\n\nbuildnum=$(/usr/libexec/PlistBuddy -c \"Print CFBundleVersion\" \"${plist}\")\nif [[ \"${buildnum}\" == \"\" ]]; then\necho \"No build number in $plist\"\nexit 2\nfi\n\nbuildnum=$(expr $buildnum + 1)\n/usr/libexec/Plistbuddy -c \"Set CFBundleVersion $buildnum\" \"${plist}\"\necho \"Bumped build number to $buildnum\"\n\nelse\necho $CONFIGURATION \" build - Not bumping build number.\"\nfi";
		};
		CB876D581E4D677900B50221 /* Fabric */ = {
			isa = PBXShellScriptBuildPhase;
			buildActionMask = 2147483647;
			files = (
			);
			inputPaths = (
			);
			name = Fabric;
			outputPaths = (
			);
			runOnlyForDeploymentPostprocessing = 0;
			shellPath = /bin/sh;
			shellScript = "\"${PODS_ROOT}/Fabric/run\" 49f9842c31ef92dc0968289bb044dd6b3285a1d5 fe44ed4c95adf62fc964d4b200e767d6a29c955265296e11455954bf84fdb64c";
		};
		D40D766B58F33063363BB33B /* [CP] Embed Pods Frameworks */ = {
			isa = PBXShellScriptBuildPhase;
			buildActionMask = 2147483647;
			files = (
			);
			inputPaths = (
			);
			name = "[CP] Embed Pods Frameworks";
			outputPaths = (
			);
			runOnlyForDeploymentPostprocessing = 0;
			shellPath = /bin/sh;
			shellScript = "\"${SRCROOT}/Pods/Target Support Files/Pods-Slider-SliderTests/Pods-Slider-SliderTests-frameworks.sh\"\n";
			showEnvVarsInLog = 0;
		};
/* End PBXShellScriptBuildPhase section */

/* Begin PBXSourcesBuildPhase section */
		834CDDAC1D9B6A62002CB6DD /* Sources */ = {
			isa = PBXSourcesBuildPhase;
			buildActionMask = 2147483647;
			files = (
				CB23B34E1DE081C000ACFBC0 /* ArchiveTests.swift in Sources */,
				CBC9229C1DB1422600132C91 /* BlockModelLogicTests.swift in Sources */,
				CBC922961DB03FCE00132C91 /* BlockModelTests.swift in Sources */,
				CBC922941DB0304F00132C91 /* GameModelTests.swift in Sources */,
				835DD0CC1DB31703002CFF8E /* GameModelLogicTests.swift in Sources */,
				CBA63BFB1DA9E73F004C0EE6 /* ConstantsTests.swift in Sources */,
			);
			runOnlyForDeploymentPostprocessing = 0;
		};
		83AB625D1D97106A00E61AB7 /* Sources */ = {
			isa = PBXSourcesBuildPhase;
			buildActionMask = 2147483647;
			files = (
				CB5908571EFC156000D77DB5 /* GameSize.swift in Sources */,
				CBA63BF91DA9D8F4004C0EE6 /* Constants.swift in Sources */,
				CB04CA221E17F1C50056A600 /* IntroSegue.swift in Sources */,
				CB5908501EFC156000D77DB5 /* CodedBlockView.swift in Sources */,
				CB04CA1F1E16AB060056A600 /* Delay.swift in Sources */,
				CB9F9AF81E204F32009FF7C2 /* UIView.swift in Sources */,
				CB5908581EFC156000D77DB5 /* TransitionLabel.swift in Sources */,
				837137761DD8A1F5003AD379 /* GridModel.swift in Sources */,
				CB5908551EFC156000D77DB5 /* ControlBarViewModel.swift in Sources */,
				CB5908321EFC155400D77DB5 /* IntroViewController.swift in Sources */,
				8371376F1DD89CED003AD379 /* BlockModelLogic.swift in Sources */,
				CB5908511EFC156000D77DB5 /* BorderView.swift in Sources */,
				8371377E1DD8E144003AD379 /* Archiver.swift in Sources */,
				CBB7D3371E2562C2000CC0D3 /* Color.swift in Sources */,
				CB54C8C61E2320F0008F2A00 /* GameHistoryModel.swift in Sources */,
				CB54C8CA1E2321C3008F2A00 /* Puzzles.swift in Sources */,
				CB59082C1EFC155400D77DB5 /* GameboardViewController.swift in Sources */,
				CB59082A1EFC155400D77DB5 /* Alerts.swift in Sources */,
				CBC5712C1DEB2F0700633ED8 /* GameModel.swift in Sources */,
				CB5908591EFC156000D77DB5 /* XibLoadable.swift in Sources */,
				CB54C8C71E2320F0008F2A00 /* HistoryStoreModel.swift in Sources */,
				CB04CA241E17F7670056A600 /* TabShowSegue.swift in Sources */,
				CB59082F1EFC155400D77DB5 /* HistoryListCell.swift in Sources */,
				CB5908351EFC155400D77DB5 /* PuzzleListDataProvider.swift in Sources */,
				CB54C8C21E22DF88008F2A00 /* ReplayViewModel.swift in Sources */,
				CB54C8CC1E232257008F2A00 /* PuzzleModel.swift in Sources */,
				8371376E1DD89CED003AD379 /* BlockModel.swift in Sources */,
				837137781DD8A1F5003AD379 /* GridModelLogic.swift in Sources */,
				CB5908341EFC155400D77DB5 /* PuzzleListCell.swift in Sources */,
				CB5908291EFC155400D77DB5 /* FTUEViewController.swift in Sources */,
				83AB62651D97106D00E61AB7 /* AppDelegate.swift in Sources */,
				837137791DD8A1F5003AD379 /* GridModelUtility.swift in Sources */,
				CB5908301EFC155400D77DB5 /* HistoryListViewController.swift in Sources */,
				837137751DD8A1F5003AD379 /* Coordinate.swift in Sources */,
				CB5908381EFC155400D77DB5 /* ReplayBoardViewController.swift in Sources */,
				CB59083A1EFC155400D77DB5 /* SettingsViewController.swift in Sources */,
				CB5908531EFC156000D77DB5 /* ControlBarView.swift in Sources */,
				CBC5712E1DEB2F3A00633ED8 /* GameMoveData.swift in Sources */,
				CB59084D1EFC156000D77DB5 /* BannerAdView.swift in Sources */,
				837137771DD8A1F5003AD379 /* GridModelInitialization.swift in Sources */,
				CB5908361EFC155400D77DB5 /* PuzzleListViewController.swift in Sources */,
				CB59084F1EFC156000D77DB5 /* BlockViewModel.swift in Sources */,
				CB5908561EFC156000D77DB5 /* TimerView.swift in Sources */,
				CB59082D1EFC155400D77DB5 /* GameboardViewModel.swift in Sources */,
			);
			runOnlyForDeploymentPostprocessing = 0;
		};
/* End PBXSourcesBuildPhase section */

/* Begin PBXTargetDependency section */
		834CDDB61D9B6A66002CB6DD /* PBXTargetDependency */ = {
			isa = PBXTargetDependency;
			target = 83AB62601D97106A00E61AB7 /* Slider */;
			targetProxy = 834CDDB51D9B6A66002CB6DD /* PBXContainerItemProxy */;
		};
/* End PBXTargetDependency section */

/* Begin PBXVariantGroup section */
		83AB626D1D97106D00E61AB7 /* LaunchScreen.storyboard */ = {
			isa = PBXVariantGroup;
			children = (
				83AB626E1D97106D00E61AB7 /* Base */,
			);
			name = LaunchScreen.storyboard;
			path = ../..;
			sourceTree = "<group>";
		};
/* End PBXVariantGroup section */

/* Begin XCBuildConfiguration section */
		834CDDB81D9B6A66002CB6DD /* Debug */ = {
			isa = XCBuildConfiguration;
			baseConfigurationReference = FBB8FB1D2BF6E068E8500308 /* Pods-Slider-SliderTests.debug.xcconfig */;
			buildSettings = {
				ALWAYS_EMBED_SWIFT_STANDARD_LIBRARIES = YES;
				BUNDLE_LOADER = "$(TEST_HOST)";
				INFOPLIST_FILE = SliderTests/Info.plist;
				LD_RUNPATH_SEARCH_PATHS = "$(inherited) @executable_path/Frameworks @loader_path/Frameworks";
				PRODUCT_BUNDLE_IDENTIFIER = "tko-solutions.SliderTests";
				PRODUCT_NAME = "$(TARGET_NAME)";
				SWIFT_VERSION = 3.0;
				TEST_HOST = "$(BUILT_PRODUCTS_DIR)/Slider.app/Slider";
			};
			name = Debug;
		};
		834CDDB91D9B6A66002CB6DD /* Release */ = {
			isa = XCBuildConfiguration;
			baseConfigurationReference = 49088D34201AD22636D3F1FC /* Pods-Slider-SliderTests.release.xcconfig */;
			buildSettings = {
				ALWAYS_EMBED_SWIFT_STANDARD_LIBRARIES = YES;
				BUNDLE_LOADER = "$(TEST_HOST)";
				INFOPLIST_FILE = SliderTests/Info.plist;
				LD_RUNPATH_SEARCH_PATHS = "$(inherited) @executable_path/Frameworks @loader_path/Frameworks";
				PRODUCT_BUNDLE_IDENTIFIER = "tko-solutions.SliderTests";
				PRODUCT_NAME = "$(TARGET_NAME)";
				SWIFT_VERSION = 3.0;
				TEST_HOST = "$(BUILT_PRODUCTS_DIR)/Slider.app/Slider";
			};
			name = Release;
		};
		83AB62711D97106D00E61AB7 /* Debug */ = {
			isa = XCBuildConfiguration;
			buildSettings = {
				ALWAYS_SEARCH_USER_PATHS = NO;
				CLANG_ANALYZER_NONNULL = YES;
				CLANG_CXX_LANGUAGE_STANDARD = "gnu++0x";
				CLANG_CXX_LIBRARY = "libc++";
				CLANG_ENABLE_MODULES = YES;
				CLANG_ENABLE_OBJC_ARC = YES;
				CLANG_WARN_BOOL_CONVERSION = YES;
				CLANG_WARN_CONSTANT_CONVERSION = YES;
				CLANG_WARN_DIRECT_OBJC_ISA_USAGE = YES_ERROR;
				CLANG_WARN_DOCUMENTATION_COMMENTS = YES;
				CLANG_WARN_EMPTY_BODY = YES;
				CLANG_WARN_ENUM_CONVERSION = YES;
				CLANG_WARN_INFINITE_RECURSION = YES;
				CLANG_WARN_INT_CONVERSION = YES;
				CLANG_WARN_OBJC_ROOT_CLASS = YES_ERROR;
				CLANG_WARN_SUSPICIOUS_MOVE = YES;
				CLANG_WARN_SUSPICIOUS_MOVES = YES;
				CLANG_WARN_UNREACHABLE_CODE = YES;
				CLANG_WARN__DUPLICATE_METHOD_MATCH = YES;
				"CODE_SIGN_IDENTITY[sdk=iphoneos*]" = "iPhone Developer";
				COPY_PHASE_STRIP = NO;
				DEBUG_INFORMATION_FORMAT = dwarf;
				ENABLE_STRICT_OBJC_MSGSEND = YES;
				ENABLE_TESTABILITY = YES;
				GCC_C_LANGUAGE_STANDARD = gnu99;
				GCC_DYNAMIC_NO_PIC = NO;
				GCC_NO_COMMON_BLOCKS = YES;
				GCC_OPTIMIZATION_LEVEL = 0;
				GCC_PREPROCESSOR_DEFINITIONS = (
					"DEBUG=1",
					"$(inherited)",
				);
				GCC_WARN_64_TO_32_BIT_CONVERSION = YES;
				GCC_WARN_ABOUT_RETURN_TYPE = YES_ERROR;
				GCC_WARN_UNDECLARED_SELECTOR = YES;
				GCC_WARN_UNINITIALIZED_AUTOS = YES_AGGRESSIVE;
				GCC_WARN_UNUSED_FUNCTION = YES;
				GCC_WARN_UNUSED_VARIABLE = YES;
				IPHONEOS_DEPLOYMENT_TARGET = 10.0;
				MTL_ENABLE_DEBUG_INFO = YES;
				ONLY_ACTIVE_ARCH = YES;
				SDKROOT = iphoneos;
				SWIFT_ACTIVE_COMPILATION_CONDITIONS = DEBUG;
				SWIFT_OPTIMIZATION_LEVEL = "-Onone";
				TARGETED_DEVICE_FAMILY = "1,2";
			};
			name = Debug;
		};
		83AB62721D97106D00E61AB7 /* Release */ = {
			isa = XCBuildConfiguration;
			buildSettings = {
				ALWAYS_SEARCH_USER_PATHS = NO;
				CLANG_ANALYZER_NONNULL = YES;
				CLANG_CXX_LANGUAGE_STANDARD = "gnu++0x";
				CLANG_CXX_LIBRARY = "libc++";
				CLANG_ENABLE_MODULES = YES;
				CLANG_ENABLE_OBJC_ARC = YES;
				CLANG_WARN_BOOL_CONVERSION = YES;
				CLANG_WARN_CONSTANT_CONVERSION = YES;
				CLANG_WARN_DIRECT_OBJC_ISA_USAGE = YES_ERROR;
				CLANG_WARN_DOCUMENTATION_COMMENTS = YES;
				CLANG_WARN_EMPTY_BODY = YES;
				CLANG_WARN_ENUM_CONVERSION = YES;
				CLANG_WARN_INFINITE_RECURSION = YES;
				CLANG_WARN_INT_CONVERSION = YES;
				CLANG_WARN_OBJC_ROOT_CLASS = YES_ERROR;
				CLANG_WARN_SUSPICIOUS_MOVE = YES;
				CLANG_WARN_SUSPICIOUS_MOVES = YES;
				CLANG_WARN_UNREACHABLE_CODE = YES;
				CLANG_WARN__DUPLICATE_METHOD_MATCH = YES;
				"CODE_SIGN_IDENTITY[sdk=iphoneos*]" = "iPhone Developer";
				COPY_PHASE_STRIP = NO;
				DEBUG_INFORMATION_FORMAT = "dwarf-with-dsym";
				ENABLE_NS_ASSERTIONS = NO;
				ENABLE_STRICT_OBJC_MSGSEND = YES;
				GCC_C_LANGUAGE_STANDARD = gnu99;
				GCC_NO_COMMON_BLOCKS = YES;
				GCC_WARN_64_TO_32_BIT_CONVERSION = YES;
				GCC_WARN_ABOUT_RETURN_TYPE = YES_ERROR;
				GCC_WARN_UNDECLARED_SELECTOR = YES;
				GCC_WARN_UNINITIALIZED_AUTOS = YES_AGGRESSIVE;
				GCC_WARN_UNUSED_FUNCTION = YES;
				GCC_WARN_UNUSED_VARIABLE = YES;
				IPHONEOS_DEPLOYMENT_TARGET = 10.0;
				MTL_ENABLE_DEBUG_INFO = NO;
				SDKROOT = iphoneos;
				SWIFT_OPTIMIZATION_LEVEL = "-Owholemodule";
				TARGETED_DEVICE_FAMILY = "1,2";
				VALIDATE_PRODUCT = YES;
			};
			name = Release;
		};
		83AB62741D97106D00E61AB7 /* Debug */ = {
			isa = XCBuildConfiguration;
			baseConfigurationReference = 70D0EF3B887B77B70BE67A7B /* Pods-Slider.debug.xcconfig */;
			buildSettings = {
				ALWAYS_EMBED_SWIFT_STANDARD_LIBRARIES = YES;
				ASSETCATALOG_COMPILER_APPICON_NAME = AppIcon;
				DEBUG_INFORMATION_FORMAT = "dwarf-with-dsym";
				DEVELOPMENT_TEAM = H4UQYGEL4C;
				INFOPLIST_FILE = Slider/Info.plist;
				IPHONEOS_DEPLOYMENT_TARGET = 10.0;
				LD_RUNPATH_SEARCH_PATHS = "$(inherited) @executable_path/Frameworks";
				PRODUCT_BUNDLE_IDENTIFIER = "com.tko-solutions.slider";
				PRODUCT_NAME = "$(TARGET_NAME)";
				SWIFT_VERSION = 3.0;
			};
			name = Debug;
		};
		83AB62751D97106D00E61AB7 /* Release */ = {
			isa = XCBuildConfiguration;
			baseConfigurationReference = BC5B84D619DC575A9C97E07F /* Pods-Slider.release.xcconfig */;
			buildSettings = {
				ALWAYS_EMBED_SWIFT_STANDARD_LIBRARIES = YES;
				ASSETCATALOG_COMPILER_APPICON_NAME = AppIcon;
				DEVELOPMENT_TEAM = H4UQYGEL4C;
				INFOPLIST_FILE = Slider/Info.plist;
				IPHONEOS_DEPLOYMENT_TARGET = 10.0;
				LD_RUNPATH_SEARCH_PATHS = "$(inherited) @executable_path/Frameworks";
				PRODUCT_BUNDLE_IDENTIFIER = "com.tko-solutions.slider";
				PRODUCT_NAME = "$(TARGET_NAME)";
				SWIFT_VERSION = 3.0;
			};
			name = Release;
		};
/* End XCBuildConfiguration section */

/* Begin XCConfigurationList section */
		834CDDB71D9B6A66002CB6DD /* Build configuration list for PBXNativeTarget "SliderTests" */ = {
			isa = XCConfigurationList;
			buildConfigurations = (
				834CDDB81D9B6A66002CB6DD /* Debug */,
				834CDDB91D9B6A66002CB6DD /* Release */,
			);
			defaultConfigurationIsVisible = 0;
			defaultConfigurationName = Release;
		};
		83AB625C1D97106A00E61AB7 /* Build configuration list for PBXProject "Slider" */ = {
			isa = XCConfigurationList;
			buildConfigurations = (
				83AB62711D97106D00E61AB7 /* Debug */,
				83AB62721D97106D00E61AB7 /* Release */,
			);
			defaultConfigurationIsVisible = 0;
			defaultConfigurationName = Release;
		};
		83AB62731D97106D00E61AB7 /* Build configuration list for PBXNativeTarget "Slider" */ = {
			isa = XCConfigurationList;
			buildConfigurations = (
				83AB62741D97106D00E61AB7 /* Debug */,
				83AB62751D97106D00E61AB7 /* Release */,
			);
			defaultConfigurationIsVisible = 0;
			defaultConfigurationName = Release;
		};
/* End XCConfigurationList section */
	};
	rootObject = 83AB62591D97106A00E61AB7 /* Project object */;
}
